// !$*UTF8*$!
{
	archiveVersion = 1;
	classes = {
	};
	objectVersion = 46;
	objects = {

/* Begin PBXBuildFile section */
		9E2EDD2918580B0A00F8F591 /* SHFlowManager.m in Sources */ = {isa = PBXBuildFile; fileRef = E83E17DE1856EA12001E29D3 /* SHFlowManager.m */; };
		9E2EDD2A18580B0C00F8F591 /* SHPrivateAPI.m in Sources */ = {isa = PBXBuildFile; fileRef = E84AB7211855B680005538A5 /* SHPrivateAPI.m */; };
		9E2EDD2B18580B0F00F8F591 /* SHUser.m in Sources */ = {isa = PBXBuildFile; fileRef = E827F8E8181F8B7000389134 /* SHUser.m */; };
		9E2EDD2C18580B1200F8F591 /* SHConfigManager.m in Sources */ = {isa = PBXBuildFile; fileRef = E858D6631803B28F0071DA24 /* SHConfigManager.m */; };
		9E2EDD2D18580B1800F8F591 /* SHVersion.m in Sources */ = {isa = PBXBuildFile; fileRef = E858D6651803B28F0071DA24 /* SHVersion.m */; };
		9E2EDD2E18580B2800F8F591 /* SHFuck.m in Sources */ = {isa = PBXBuildFile; fileRef = E8B41BB2180D0B1700069506 /* SHFuck.m */; };
		9E2EDD2F18580B2B00F8F591 /* SHFuck.h in Headers */ = {isa = PBXBuildFile; fileRef = E8B41BB1180D0B1700069506 /* SHFuck.h */; };
		9E33DB1818584F55008C61AC /* SHLogger.m in Sources */ = {isa = PBXBuildFile; fileRef = 9EA09A1B185840BB0000A7A3 /* SHLogger.m */; };
		9E33DB1918584F5B008C61AC /* SHLogger.h in Headers */ = {isa = PBXBuildFile; fileRef = 9EA09A1A185840BB0000A7A3 /* SHLogger.h */; };
		9E33DB1A18585098008C61AC /* SHLogger.h in Copy Files */ = {isa = PBXBuildFile; fileRef = 9EA09A1A185840BB0000A7A3 /* SHLogger.h */; };
		E8080DAD17BF84CE006B68EB /* Foundation.framework in Frameworks */ = {isa = PBXBuildFile; fileRef = E8080DAC17BF84CE006B68EB /* Foundation.framework */; };
		E8080DB217BF84CE006B68EB /* Core.h in Copy Files */ = {isa = PBXBuildFile; fileRef = E8080DB117BF84CE006B68EB /* Core.h */; };
		E8080E2617BF8E99006B68EB /* SHObject.m in Sources */ = {isa = PBXBuildFile; fileRef = E8080E2517BF8E99006B68EB /* SHObject.m */; };
		E8080E2917BF8EAD006B68EB /* SHTask.m in Sources */ = {isa = PBXBuildFile; fileRef = E8080E2817BF8EAD006B68EB /* SHTask.m */; };
		E8080E2C17BF907E006B68EB /* SHPostTask.m in Sources */ = {isa = PBXBuildFile; fileRef = E8080E2B17BF907E006B68EB /* SHPostTask.m */; };
		E81A41B01808F62200D9B399 /* GDataXMLNode.h in Headers */ = {isa = PBXBuildFile; fileRef = E81A41AE1808F62200D9B399 /* GDataXMLNode.h */; };
		E81A41B11808F62200D9B399 /* GDataXMLNode.m in Sources */ = {isa = PBXBuildFile; fileRef = E81A41AF1808F62200D9B399 /* GDataXMLNode.m */; settings = {COMPILER_FLAGS = "-fno-objc-arc"; }; };
		E81E443418179A1000EA9090 /* NSData+AES.h in Headers */ = {isa = PBXBuildFile; fileRef = E81E442B18179A1000EA9090 /* NSData+AES.h */; };
		E81E443518179A1000EA9090 /* NSData+AES.m in Sources */ = {isa = PBXBuildFile; fileRef = E81E442C18179A1000EA9090 /* NSData+AES.m */; };
		E81E443618179A1000EA9090 /* NSString+MD5.h in Headers */ = {isa = PBXBuildFile; fileRef = E81E442D18179A1000EA9090 /* NSString+MD5.h */; };
		E81E443718179A1000EA9090 /* NSString+MD5.m in Sources */ = {isa = PBXBuildFile; fileRef = E81E442E18179A1000EA9090 /* NSString+MD5.m */; };
		E81E443D18179B2C00EA9090 /* NSData+AES.h in Copy Files */ = {isa = PBXBuildFile; fileRef = E81E442B18179A1000EA9090 /* NSData+AES.h */; };
		E81E443E18179B2C00EA9090 /* NSString+MD5.h in Copy Files */ = {isa = PBXBuildFile; fileRef = E81E442D18179A1000EA9090 /* NSString+MD5.h */; };
		E827F8E9181F8B7000389134 /* SHUser.h in Headers */ = {isa = PBXBuildFile; fileRef = E827F8E7181F8B7000389134 /* SHUser.h */; };
		E827F8EB181F8CE000389134 /* SHUser.h in Copy Files */ = {isa = PBXBuildFile; fileRef = E827F8E7181F8B7000389134 /* SHUser.h */; };
		E8329E0C1855CD0C00D40DAF /* Security.framework in Frameworks */ = {isa = PBXBuildFile; fileRef = E8329E0B1855CD0C00D40DAF /* Security.framework */; };
		E83E17DF1856EA12001E29D3 /* SHFlowManager.h in Headers */ = {isa = PBXBuildFile; fileRef = E83E17DD1856EA12001E29D3 /* SHFlowManager.h */; };
		E83E17FF18570796001E29D3 /* SHFlowManager.h in Copy Files */ = {isa = PBXBuildFile; fileRef = E83E17DD1856EA12001E29D3 /* SHFlowManager.h */; };
		E84AB7221855B680005538A5 /* SHPrivateAPI.h in Headers */ = {isa = PBXBuildFile; fileRef = E84AB7201855B680005538A5 /* SHPrivateAPI.h */; };
		E84AB7291855B8FF005538A5 /* CoreTelephony.framework in Frameworks */ = {isa = PBXBuildFile; fileRef = E84AB7281855B8FF005538A5 /* CoreTelephony.framework */; };
		E84AB72A1855BB70005538A5 /* SHPrivateAPI.h in Copy Files */ = {isa = PBXBuildFile; fileRef = E84AB7201855B680005538A5 /* SHPrivateAPI.h */; };
		E858D6661803B28F0071DA24 /* SHConfigManager.h in Headers */ = {isa = PBXBuildFile; fileRef = E858D6621803B28F0071DA24 /* SHConfigManager.h */; };
		E858D6681803B28F0071DA24 /* SHVersion.h in Headers */ = {isa = PBXBuildFile; fileRef = E858D6641803B28F0071DA24 /* SHVersion.h */; };
		E858D66F1803B43D0071DA24 /* SHConfigManager.h in Copy Files */ = {isa = PBXBuildFile; fileRef = E858D6621803B28F0071DA24 /* SHConfigManager.h */; };
		E858D6701803B43D0071DA24 /* SHVersion.h in Copy Files */ = {isa = PBXBuildFile; fileRef = E858D6641803B28F0071DA24 /* SHVersion.h */; };
		E85F009117EE9A2200F9F02C /* SHIIOSVersion.h in Headers */ = {isa = PBXBuildFile; fileRef = E85F008F17EE9A2200F9F02C /* SHIIOSVersion.h */; };
		E85F009217EE9A2200F9F02C /* SHIIOSVersion.m in Sources */ = {isa = PBXBuildFile; fileRef = E85F009017EE9A2200F9F02C /* SHIIOSVersion.m */; };
		E86840231823530C00938464 /* SHTools.h in Headers */ = {isa = PBXBuildFile; fileRef = E86840211823530C00938464 /* SHTools.h */; };
		E86840241823530C00938464 /* SHTools.m in Sources */ = {isa = PBXBuildFile; fileRef = E86840221823530C00938464 /* SHTools.m */; };
		E86840251823535200938464 /* SHTools.h in Copy Files */ = {isa = PBXBuildFile; fileRef = E86840211823530C00938464 /* SHTools.h */; };
		E86840281823810B00938464 /* IPAddress.h in Headers */ = {isa = PBXBuildFile; fileRef = E86840261823810B00938464 /* IPAddress.h */; };
		E86840291823810B00938464 /* IPAddress.m in Sources */ = {isa = PBXBuildFile; fileRef = E86840271823810B00938464 /* IPAddress.m */; };
		E868402A1823818F00938464 /* IPAddress.h in Copy Files */ = {isa = PBXBuildFile; fileRef = E86840261823810B00938464 /* IPAddress.h */; };
		E876E9EE17EEACA3005D8361 /* SHIIOSVersion.h in Copy Files */ = {isa = PBXBuildFile; fileRef = E85F008F17EE9A2200F9F02C /* SHIIOSVersion.h */; };
		E87F0A0917E16757009E57E8 /* SHPostTaskM.h in Headers */ = {isa = PBXBuildFile; fileRef = E87F0A0717E16757009E57E8 /* SHPostTaskM.h */; };
		E87F0A0A17E16757009E57E8 /* SHPostTaskM.m in Sources */ = {isa = PBXBuildFile; fileRef = E87F0A0817E16757009E57E8 /* SHPostTaskM.m */; };
		E87F0A0B17E1F412009E57E8 /* SHPostTaskM.h in Copy Files */ = {isa = PBXBuildFile; fileRef = E87F0A0717E16757009E57E8 /* SHPostTaskM.h */; };
		E87F0A0F17E1FEF4009E57E8 /* Entironment.h in Headers */ = {isa = PBXBuildFile; fileRef = E87F0A0D17E1FEF3009E57E8 /* Entironment.h */; };
		E87F0A1017E1FEF4009E57E8 /* Entironment.m in Sources */ = {isa = PBXBuildFile; fileRef = E87F0A0E17E1FEF3009E57E8 /* Entironment.m */; };
		E87F0A1117E203D2009E57E8 /* Entironment.h in Copy Files */ = {isa = PBXBuildFile; fileRef = E87F0A0D17E1FEF3009E57E8 /* Entironment.h */; };
		E87F0A1917E2A3DC009E57E8 /* Respinfo.h in Headers */ = {isa = PBXBuildFile; fileRef = E87F0A1717E2A3DB009E57E8 /* Respinfo.h */; };
		E87F0A1A17E2A3DC009E57E8 /* Respinfo.m in Sources */ = {isa = PBXBuildFile; fileRef = E87F0A1817E2A3DB009E57E8 /* Respinfo.m */; };
		E87F0A1B17E2A448009E57E8 /* Respinfo.h in Copy Files */ = {isa = PBXBuildFile; fileRef = E87F0A1717E2A3DB009E57E8 /* Respinfo.h */; };
		E87F0A1E17E2A623009E57E8 /* UIKit.framework in Frameworks */ = {isa = PBXBuildFile; fileRef = E87F0A1D17E2A623009E57E8 /* UIKit.framework */; };
		E887F78717F1C88B00871292 /* Identication.h in Headers */ = {isa = PBXBuildFile; fileRef = E887F78517F1C88B00871292 /* Identication.h */; };
		E887F78817F1C88B00871292 /* Identication.m in Sources */ = {isa = PBXBuildFile; fileRef = E887F78617F1C88B00871292 /* Identication.m */; };
		E887F78D17F284EE00871292 /* SHCrashManager.h in Headers */ = {isa = PBXBuildFile; fileRef = E887F78B17F284EE00871292 /* SHCrashManager.h */; };
		E887F78E17F284EE00871292 /* SHCrashManager.m in Sources */ = {isa = PBXBuildFile; fileRef = E887F78C17F284EE00871292 /* SHCrashManager.m */; };
		E887F78F17F287F300871292 /* SHCrashManager.h in Copy Files */ = {isa = PBXBuildFile; fileRef = E887F78B17F284EE00871292 /* SHCrashManager.h */; };
		E887F79317F2AD8500871292 /* FileManager.h in Headers */ = {isa = PBXBuildFile; fileRef = E887F79117F2AD8500871292 /* FileManager.h */; };
		E887F79417F2AD8500871292 /* FileManager.m in Sources */ = {isa = PBXBuildFile; fileRef = E887F79217F2AD8500871292 /* FileManager.m */; };
		E887F79517F2AE8900871292 /* FileManager.h in Copy Files */ = {isa = PBXBuildFile; fileRef = E887F79117F2AD8500871292 /* FileManager.h */; };
		E887F79917F422A000871292 /* Base64.h in Headers */ = {isa = PBXBuildFile; fileRef = E887F79717F422A000871292 /* Base64.h */; };
		E887F79A17F422A000871292 /* Base64.m in Sources */ = {isa = PBXBuildFile; fileRef = E887F79817F422A000871292 /* Base64.m */; };
		E887F79B17F422AC00871292 /* Base64.h in Copy Files */ = {isa = PBXBuildFile; fileRef = E887F79717F422A000871292 /* Base64.h */; };
		E8B41BAF180CE7A500069506 /* SHAnalyzeFactory.h in Headers */ = {isa = PBXBuildFile; fileRef = E8B41BAD180CE7A500069506 /* SHAnalyzeFactory.h */; };
		E8B41BB0180CE7A500069506 /* SHAnalyzeFactory.m in Sources */ = {isa = PBXBuildFile; fileRef = E8B41BAE180CE7A500069506 /* SHAnalyzeFactory.m */; };
		E8B8414117D70676006A0291 /* NVSkin.m in Sources */ = {isa = PBXBuildFile; fileRef = E8B8412317D6FB31006A0291 /* NVSkin.m */; settings = {COMPILER_FLAGS = "-fno-objc-arc"; }; };
		E8B8415517D70A58006A0291 /* SHObject.h in Copy Files */ = {isa = PBXBuildFile; fileRef = E8080E2417BF8E99006B68EB /* SHObject.h */; };
		E8B8415617D70A58006A0291 /* NVSkin.h in Copy Files */ = {isa = PBXBuildFile; fileRef = E8B8412117D6FB26006A0291 /* NVSkin.h */; };
		E8B8415717D70A58006A0291 /* SHTask.h in Copy Files */ = {isa = PBXBuildFile; fileRef = E8080E2717BF8EAD006B68EB /* SHTask.h */; };
		E8B8415817D70A58006A0291 /* SHPostTask.h in Copy Files */ = {isa = PBXBuildFile; fileRef = E8080E2A17BF907E006B68EB /* SHPostTask.h */; };
		E8BDF6421863EC9600AC9B82 /* SHHttpTask.h in Headers */ = {isa = PBXBuildFile; fileRef = E8BDF6401863EC9600AC9B82 /* SHHttpTask.h */; };
		E8BDF6431863EC9600AC9B82 /* SHHttpTask.m in Sources */ = {isa = PBXBuildFile; fileRef = E8BDF6411863EC9600AC9B82 /* SHHttpTask.m */; };
		E8BDF6461863ED0D00AC9B82 /* SHHttpTaskM.h in Headers */ = {isa = PBXBuildFile; fileRef = E8BDF6441863ED0D00AC9B82 /* SHHttpTaskM.h */; };
		E8BDF6471863ED0D00AC9B82 /* SHHttpTaskM.m in Sources */ = {isa = PBXBuildFile; fileRef = E8BDF6451863ED0D00AC9B82 /* SHHttpTaskM.m */; };
		E8BDF6481863F01700AC9B82 /* SHHttpTask.h in Copy Files */ = {isa = PBXBuildFile; fileRef = E8BDF6401863EC9600AC9B82 /* SHHttpTask.h */; };
		E8BDF6491863F01700AC9B82 /* SHHttpTaskM.h in Copy Files */ = {isa = PBXBuildFile; fileRef = E8BDF6441863ED0D00AC9B82 /* SHHttpTaskM.h */; };
		E8C835B1180D0F8600F88A3E /* SHFuck.h in Sources */ = {isa = PBXBuildFile; fileRef = E8B41BB1180D0B1700069506 /* SHFuck.h */; };
		E8C835B2180D0FD200F88A3E /* SHFuck.h in Copy Files */ = {isa = PBXBuildFile; fileRef = E8B41BB1180D0B1700069506 /* SHFuck.h */; };
		E8D06FCC186043C100A8E788 /* wax_CGTransform.h in Headers */ = {isa = PBXBuildFile; fileRef = E8D06F3C186043C100A8E788 /* wax_CGTransform.h */; };
		E8D06FCD186043C100A8E788 /* wax_CGTransform.m in Sources */ = {isa = PBXBuildFile; fileRef = E8D06F3D186043C100A8E788 /* wax_CGTransform.m */; settings = {COMPILER_FLAGS = "-fno-objc-arc"; }; };
		E8D06FCE186043C100A8E788 /* wax_CGContext.h in Headers */ = {isa = PBXBuildFile; fileRef = E8D06F3F186043C100A8E788 /* wax_CGContext.h */; };
		E8D06FCF186043C100A8E788 /* wax_CGContext.m in Sources */ = {isa = PBXBuildFile; fileRef = E8D06F40186043C100A8E788 /* wax_CGContext.m */; settings = {COMPILER_FLAGS = "-fno-objc-arc"; }; };
		E8D06FD0186043C100A8E788 /* wax_filesystem.h in Headers */ = {isa = PBXBuildFile; fileRef = E8D06F42186043C100A8E788 /* wax_filesystem.h */; };
		E8D06FD1186043C100A8E788 /* wax_filesystem.m in Sources */ = {isa = PBXBuildFile; fileRef = E8D06F43186043C100A8E788 /* wax_filesystem.m */; settings = {COMPILER_FLAGS = "-fno-objc-arc"; }; };
		E8D06FD2186043C100A8E788 /* wax_http.h in Headers */ = {isa = PBXBuildFile; fileRef = E8D06F45186043C100A8E788 /* wax_http.h */; };
		E8D06FD3186043C100A8E788 /* wax_http.m in Sources */ = {isa = PBXBuildFile; fileRef = E8D06F46186043C100A8E788 /* wax_http.m */; settings = {COMPILER_FLAGS = "-fno-objc-arc"; }; };
		E8D06FD4186043C100A8E788 /* wax_http_connection.h in Headers */ = {isa = PBXBuildFile; fileRef = E8D06F47186043C100A8E788 /* wax_http_connection.h */; };
		E8D06FD5186043C100A8E788 /* wax_http_connection.m in Sources */ = {isa = PBXBuildFile; fileRef = E8D06F48186043C100A8E788 /* wax_http_connection.m */; settings = {COMPILER_FLAGS = "-fno-objc-arc"; }; };
		E8D06FD6186043C100A8E788 /* wax_json.c in Sources */ = {isa = PBXBuildFile; fileRef = E8D06F4B186043C100A8E788 /* wax_json.c */; settings = {COMPILER_FLAGS = "-fno-objc-arc"; }; };
		E8D06FD7186043C100A8E788 /* wax_json.h in Headers */ = {isa = PBXBuildFile; fileRef = E8D06F4C186043C100A8E788 /* wax_json.h */; };
		E8D06FD8186043C100A8E788 /* yajl_common.h in Headers */ = {isa = PBXBuildFile; fileRef = E8D06F4F186043C100A8E788 /* yajl_common.h */; };
		E8D06FD9186043C100A8E788 /* yajl_gen.h in Headers */ = {isa = PBXBuildFile; fileRef = E8D06F50186043C100A8E788 /* yajl_gen.h */; };
		E8D06FDA186043C100A8E788 /* yajl_parse.h in Headers */ = {isa = PBXBuildFile; fileRef = E8D06F51186043C100A8E788 /* yajl_parse.h */; };
		E8D06FDB186043C100A8E788 /* yajl.c in Sources */ = {isa = PBXBuildFile; fileRef = E8D06F52186043C100A8E788 /* yajl.c */; };
		E8D06FDC186043C100A8E788 /* yajl_alloc.c in Sources */ = {isa = PBXBuildFile; fileRef = E8D06F53186043C100A8E788 /* yajl_alloc.c */; };
		E8D06FDD186043C100A8E788 /* yajl_alloc.h in Headers */ = {isa = PBXBuildFile; fileRef = E8D06F54186043C100A8E788 /* yajl_alloc.h */; };
		E8D06FDE186043C100A8E788 /* yajl_buf.c in Sources */ = {isa = PBXBuildFile; fileRef = E8D06F55186043C100A8E788 /* yajl_buf.c */; };
		E8D06FDF186043C100A8E788 /* yajl_buf.h in Headers */ = {isa = PBXBuildFile; fileRef = E8D06F56186043C100A8E788 /* yajl_buf.h */; };
		E8D06FE0186043C100A8E788 /* yajl_bytestack.h in Headers */ = {isa = PBXBuildFile; fileRef = E8D06F57186043C100A8E788 /* yajl_bytestack.h */; };
		E8D06FE1186043C100A8E788 /* yajl_common.h in Headers */ = {isa = PBXBuildFile; fileRef = E8D06F58186043C100A8E788 /* yajl_common.h */; };
		E8D06FE2186043C100A8E788 /* yajl_encode.c in Sources */ = {isa = PBXBuildFile; fileRef = E8D06F59186043C100A8E788 /* yajl_encode.c */; };
		E8D06FE3186043C100A8E788 /* yajl_encode.h in Headers */ = {isa = PBXBuildFile; fileRef = E8D06F5A186043C100A8E788 /* yajl_encode.h */; };
		E8D06FE4186043C100A8E788 /* yajl_gen.c in Sources */ = {isa = PBXBuildFile; fileRef = E8D06F5B186043C100A8E788 /* yajl_gen.c */; };
		E8D06FE5186043C100A8E788 /* yajl_gen.h in Headers */ = {isa = PBXBuildFile; fileRef = E8D06F5C186043C100A8E788 /* yajl_gen.h */; };
		E8D06FE6186043C100A8E788 /* yajl_lex.c in Sources */ = {isa = PBXBuildFile; fileRef = E8D06F5D186043C100A8E788 /* yajl_lex.c */; };
		E8D06FE7186043C100A8E788 /* yajl_lex.h in Headers */ = {isa = PBXBuildFile; fileRef = E8D06F5E186043C100A8E788 /* yajl_lex.h */; };
		E8D06FE8186043C100A8E788 /* yajl_parse.h in Headers */ = {isa = PBXBuildFile; fileRef = E8D06F5F186043C100A8E788 /* yajl_parse.h */; };
		E8D06FE9186043C100A8E788 /* yajl_parser.c in Sources */ = {isa = PBXBuildFile; fileRef = E8D06F60186043C100A8E788 /* yajl_parser.c */; };
		E8D06FEA186043C100A8E788 /* yajl_parser.h in Headers */ = {isa = PBXBuildFile; fileRef = E8D06F61186043C100A8E788 /* yajl_parser.h */; };
		E8D06FEB186043C100A8E788 /* wax_sqlite.h in Headers */ = {isa = PBXBuildFile; fileRef = E8D06F64186043C100A8E788 /* wax_sqlite.h */; };
		E8D06FEC186043C100A8E788 /* wax_sqlite.m in Sources */ = {isa = PBXBuildFile; fileRef = E8D06F65186043C100A8E788 /* wax_sqlite.m */; settings = {COMPILER_FLAGS = "-fno-objc-arc"; }; };
		E8D06FED186043C100A8E788 /* wax_sqlite_operation.h in Headers */ = {isa = PBXBuildFile; fileRef = E8D06F66186043C100A8E788 /* wax_sqlite_operation.h */; };
		E8D06FEE186043C100A8E788 /* wax_sqlite_operation.m in Sources */ = {isa = PBXBuildFile; fileRef = E8D06F67186043C100A8E788 /* wax_sqlite_operation.m */; settings = {COMPILER_FLAGS = "-fno-objc-arc"; }; };
		E8D06FEF186043C100A8E788 /* wax_xml.h in Headers */ = {isa = PBXBuildFile; fileRef = E8D06F69186043C100A8E788 /* wax_xml.h */; };
		E8D06FF0186043C100A8E788 /* wax_xml.m in Sources */ = {isa = PBXBuildFile; fileRef = E8D06F6A186043C100A8E788 /* wax_xml.m */; settings = {COMPILER_FLAGS = "-fno-objc-arc"; }; };
		E8D06FF1186043C100A8E788 /* lapi.c in Sources */ = {isa = PBXBuildFile; fileRef = E8D06F6C186043C100A8E788 /* lapi.c */; };
		E8D06FF2186043C100A8E788 /* lapi.h in Headers */ = {isa = PBXBuildFile; fileRef = E8D06F6D186043C100A8E788 /* lapi.h */; };
		E8D06FF3186043C100A8E788 /* lauxlib.c in Sources */ = {isa = PBXBuildFile; fileRef = E8D06F6E186043C100A8E788 /* lauxlib.c */; };
		E8D06FF4186043C100A8E788 /* lauxlib.h in Headers */ = {isa = PBXBuildFile; fileRef = E8D06F6F186043C100A8E788 /* lauxlib.h */; };
		E8D06FF5186043C100A8E788 /* lbaselib.c in Sources */ = {isa = PBXBuildFile; fileRef = E8D06F70186043C100A8E788 /* lbaselib.c */; };
		E8D06FF6186043C100A8E788 /* lcode.c in Sources */ = {isa = PBXBuildFile; fileRef = E8D06F71186043C100A8E788 /* lcode.c */; };
		E8D06FF7186043C100A8E788 /* lcode.h in Headers */ = {isa = PBXBuildFile; fileRef = E8D06F72186043C100A8E788 /* lcode.h */; };
		E8D06FF8186043C100A8E788 /* ldblib.c in Sources */ = {isa = PBXBuildFile; fileRef = E8D06F73186043C100A8E788 /* ldblib.c */; };
		E8D06FF9186043C100A8E788 /* ldebug.c in Sources */ = {isa = PBXBuildFile; fileRef = E8D06F74186043C100A8E788 /* ldebug.c */; };
		E8D06FFA186043C100A8E788 /* ldebug.h in Headers */ = {isa = PBXBuildFile; fileRef = E8D06F75186043C100A8E788 /* ldebug.h */; };
		E8D06FFB186043C100A8E788 /* ldo.c in Sources */ = {isa = PBXBuildFile; fileRef = E8D06F76186043C100A8E788 /* ldo.c */; };
		E8D06FFC186043C100A8E788 /* ldo.h in Headers */ = {isa = PBXBuildFile; fileRef = E8D06F77186043C100A8E788 /* ldo.h */; };
		E8D06FFD186043C100A8E788 /* ldump.c in Sources */ = {isa = PBXBuildFile; fileRef = E8D06F78186043C100A8E788 /* ldump.c */; };
		E8D06FFE186043C100A8E788 /* lfunc.c in Sources */ = {isa = PBXBuildFile; fileRef = E8D06F79186043C100A8E788 /* lfunc.c */; };
		E8D06FFF186043C100A8E788 /* lfunc.h in Headers */ = {isa = PBXBuildFile; fileRef = E8D06F7A186043C100A8E788 /* lfunc.h */; };
		E8D07000186043C100A8E788 /* lgc.c in Sources */ = {isa = PBXBuildFile; fileRef = E8D06F7B186043C100A8E788 /* lgc.c */; };
		E8D07001186043C100A8E788 /* lgc.h in Headers */ = {isa = PBXBuildFile; fileRef = E8D06F7C186043C100A8E788 /* lgc.h */; };
		E8D07002186043C100A8E788 /* linit.c in Sources */ = {isa = PBXBuildFile; fileRef = E8D06F7D186043C100A8E788 /* linit.c */; };
		E8D07003186043C100A8E788 /* liolib.c in Sources */ = {isa = PBXBuildFile; fileRef = E8D06F7E186043C100A8E788 /* liolib.c */; };
		E8D07004186043C100A8E788 /* llex.c in Sources */ = {isa = PBXBuildFile; fileRef = E8D06F7F186043C100A8E788 /* llex.c */; };
		E8D07005186043C100A8E788 /* llex.h in Headers */ = {isa = PBXBuildFile; fileRef = E8D06F80186043C100A8E788 /* llex.h */; };
		E8D07006186043C100A8E788 /* llimits.h in Headers */ = {isa = PBXBuildFile; fileRef = E8D06F81186043C100A8E788 /* llimits.h */; };
		E8D07007186043C100A8E788 /* lmathlib.c in Sources */ = {isa = PBXBuildFile; fileRef = E8D06F82186043C100A8E788 /* lmathlib.c */; };
		E8D07008186043C100A8E788 /* lmem.c in Sources */ = {isa = PBXBuildFile; fileRef = E8D06F83186043C100A8E788 /* lmem.c */; };
		E8D07009186043C100A8E788 /* lmem.h in Headers */ = {isa = PBXBuildFile; fileRef = E8D06F84186043C100A8E788 /* lmem.h */; };
		E8D0700A186043C100A8E788 /* loadlib.c in Sources */ = {isa = PBXBuildFile; fileRef = E8D06F85186043C100A8E788 /* loadlib.c */; };
		E8D0700B186043C100A8E788 /* lobject.c in Sources */ = {isa = PBXBuildFile; fileRef = E8D06F86186043C100A8E788 /* lobject.c */; };
		E8D0700C186043C100A8E788 /* lobject.h in Headers */ = {isa = PBXBuildFile; fileRef = E8D06F87186043C100A8E788 /* lobject.h */; };
		E8D0700D186043C100A8E788 /* lopcodes.c in Sources */ = {isa = PBXBuildFile; fileRef = E8D06F88186043C100A8E788 /* lopcodes.c */; };
		E8D0700E186043C100A8E788 /* lopcodes.h in Headers */ = {isa = PBXBuildFile; fileRef = E8D06F89186043C100A8E788 /* lopcodes.h */; };
		E8D0700F186043C100A8E788 /* loslib.c in Sources */ = {isa = PBXBuildFile; fileRef = E8D06F8A186043C100A8E788 /* loslib.c */; };
		E8D07010186043C100A8E788 /* lparser.c in Sources */ = {isa = PBXBuildFile; fileRef = E8D06F8B186043C100A8E788 /* lparser.c */; };
		E8D07011186043C100A8E788 /* lparser.h in Headers */ = {isa = PBXBuildFile; fileRef = E8D06F8C186043C100A8E788 /* lparser.h */; };
		E8D07012186043C100A8E788 /* lstate.c in Sources */ = {isa = PBXBuildFile; fileRef = E8D06F8D186043C100A8E788 /* lstate.c */; };
		E8D07013186043C100A8E788 /* lstate.h in Headers */ = {isa = PBXBuildFile; fileRef = E8D06F8E186043C100A8E788 /* lstate.h */; };
		E8D07014186043C100A8E788 /* lstring.c in Sources */ = {isa = PBXBuildFile; fileRef = E8D06F8F186043C100A8E788 /* lstring.c */; };
		E8D07015186043C100A8E788 /* lstring.h in Headers */ = {isa = PBXBuildFile; fileRef = E8D06F90186043C100A8E788 /* lstring.h */; };
		E8D07016186043C100A8E788 /* lstrlib.c in Sources */ = {isa = PBXBuildFile; fileRef = E8D06F91186043C100A8E788 /* lstrlib.c */; };
		E8D07017186043C100A8E788 /* ltable.c in Sources */ = {isa = PBXBuildFile; fileRef = E8D06F92186043C100A8E788 /* ltable.c */; };
		E8D07018186043C100A8E788 /* ltable.h in Headers */ = {isa = PBXBuildFile; fileRef = E8D06F93186043C100A8E788 /* ltable.h */; };
		E8D07019186043C100A8E788 /* ltablib.c in Sources */ = {isa = PBXBuildFile; fileRef = E8D06F94186043C100A8E788 /* ltablib.c */; };
		E8D0701A186043C100A8E788 /* ltm.c in Sources */ = {isa = PBXBuildFile; fileRef = E8D06F95186043C100A8E788 /* ltm.c */; };
		E8D0701B186043C100A8E788 /* ltm.h in Headers */ = {isa = PBXBuildFile; fileRef = E8D06F96186043C100A8E788 /* ltm.h */; };
		E8D0701C186043C100A8E788 /* lua.h in Headers */ = {isa = PBXBuildFile; fileRef = E8D06F97186043C100A8E788 /* lua.h */; };
		E8D0701D186043C100A8E788 /* luaconf.h in Headers */ = {isa = PBXBuildFile; fileRef = E8D06F98186043C100A8E788 /* luaconf.h */; };
		E8D0701E186043C100A8E788 /* lualib.h in Headers */ = {isa = PBXBuildFile; fileRef = E8D06F99186043C100A8E788 /* lualib.h */; };
		E8D0701F186043C100A8E788 /* lundump.c in Sources */ = {isa = PBXBuildFile; fileRef = E8D06F9A186043C100A8E788 /* lundump.c */; };
		E8D07020186043C100A8E788 /* lundump.h in Headers */ = {isa = PBXBuildFile; fileRef = E8D06F9B186043C100A8E788 /* lundump.h */; };
		E8D07021186043C100A8E788 /* lvm.c in Sources */ = {isa = PBXBuildFile; fileRef = E8D06F9C186043C100A8E788 /* lvm.c */; };
		E8D07022186043C100A8E788 /* lvm.h in Headers */ = {isa = PBXBuildFile; fileRef = E8D06F9D186043C100A8E788 /* lvm.h */; };
		E8D07023186043C100A8E788 /* lzio.c in Sources */ = {isa = PBXBuildFile; fileRef = E8D06F9E186043C100A8E788 /* lzio.c */; };
		E8D07024186043C100A8E788 /* lzio.h in Headers */ = {isa = PBXBuildFile; fileRef = E8D06F9F186043C100A8E788 /* lzio.h */; };
		E8D07025186043C100A8E788 /* print.c in Sources */ = {isa = PBXBuildFile; fileRef = E8D06FA0186043C100A8E788 /* print.c */; };
		E8D07026186043C100A8E788 /* wax.h in Headers */ = {isa = PBXBuildFile; fileRef = E8D06FBD186043C100A8E788 /* wax.h */; };
		E8D07027186043C100A8E788 /* wax.m in Sources */ = {isa = PBXBuildFile; fileRef = E8D06FBE186043C100A8E788 /* wax.m */; settings = {COMPILER_FLAGS = "-fno-objc-arc"; }; };
		E8D07028186043C100A8E788 /* wax_class.h in Headers */ = {isa = PBXBuildFile; fileRef = E8D06FBF186043C100A8E788 /* wax_class.h */; };
		E8D07029186043C100A8E788 /* wax_class.m in Sources */ = {isa = PBXBuildFile; fileRef = E8D06FC0186043C100A8E788 /* wax_class.m */; settings = {COMPILER_FLAGS = "-fno-objc-arc"; }; };
		E8D0702A186043C100A8E788 /* wax_gc.h in Headers */ = {isa = PBXBuildFile; fileRef = E8D06FC1186043C100A8E788 /* wax_gc.h */; };
		E8D0702B186043C100A8E788 /* wax_gc.m in Sources */ = {isa = PBXBuildFile; fileRef = E8D06FC2186043C100A8E788 /* wax_gc.m */; settings = {COMPILER_FLAGS = "-fno-objc-arc"; }; };
		E8D0702C186043C100A8E788 /* wax_helpers.h in Headers */ = {isa = PBXBuildFile; fileRef = E8D06FC3186043C100A8E788 /* wax_helpers.h */; };
		E8D0702D186043C100A8E788 /* wax_helpers.m in Sources */ = {isa = PBXBuildFile; fileRef = E8D06FC4186043C100A8E788 /* wax_helpers.m */; settings = {COMPILER_FLAGS = "-fno-objc-arc"; }; };
		E8D0702E186043C100A8E788 /* wax_instance.h in Headers */ = {isa = PBXBuildFile; fileRef = E8D06FC5186043C100A8E788 /* wax_instance.h */; };
		E8D0702F186043C100A8E788 /* wax_instance.m in Sources */ = {isa = PBXBuildFile; fileRef = E8D06FC6186043C100A8E788 /* wax_instance.m */; settings = {COMPILER_FLAGS = "-fno-objc-arc"; }; };
		E8D07030186043C100A8E788 /* wax_server.h in Headers */ = {isa = PBXBuildFile; fileRef = E8D06FC7186043C100A8E788 /* wax_server.h */; };
		E8D07031186043C100A8E788 /* wax_server.m in Sources */ = {isa = PBXBuildFile; fileRef = E8D06FC8186043C100A8E788 /* wax_server.m */; settings = {COMPILER_FLAGS = "-fno-objc-arc"; }; };
		E8D07032186043C100A8E788 /* wax_stdlib.h in Headers */ = {isa = PBXBuildFile; fileRef = E8D06FC9186043C100A8E788 /* wax_stdlib.h */; };
		E8D07033186043C100A8E788 /* wax_struct.h in Headers */ = {isa = PBXBuildFile; fileRef = E8D06FCA186043C100A8E788 /* wax_struct.h */; };
		E8D07034186043C100A8E788 /* wax_struct.m in Sources */ = {isa = PBXBuildFile; fileRef = E8D06FCB186043C100A8E788 /* wax_struct.m */; settings = {COMPILER_FLAGS = "-fno-objc-arc"; }; };
		E8D070371860473C00A8E788 /* ProtocolLoader.h in Headers */ = {isa = PBXBuildFile; fileRef = E8D070361860473C00A8E788 /* ProtocolLoader.h */; };
		E8D07038186047D600A8E788 /* wax.h in Copy Files */ = {isa = PBXBuildFile; fileRef = E8D06FBD186043C100A8E788 /* wax.h */; };
		E8D4E6D21857495B00CBB35A /* Reachability.h in Headers */ = {isa = PBXBuildFile; fileRef = E8D4E6D01857495B00CBB35A /* Reachability.h */; };
		E8D4E6D31857495B00CBB35A /* Reachability.m in Sources */ = {isa = PBXBuildFile; fileRef = E8D4E6D11857495B00CBB35A /* Reachability.m */; };
		E8E03BD417E34A98002546C3 /* DatabaseOperation.h in Headers */ = {isa = PBXBuildFile; fileRef = E8E03BD217E34A98002546C3 /* DatabaseOperation.h */; };
		E8E03BD517E34A98002546C3 /* DatabaseOperation.m in Sources */ = {isa = PBXBuildFile; fileRef = E8E03BD317E34A98002546C3 /* DatabaseOperation.m */; };
		E8E03BD917E6B1AB002546C3 /* SHCacheManager.h in Headers */ = {isa = PBXBuildFile; fileRef = E8E03BD717E6B1AB002546C3 /* SHCacheManager.h */; };
		E8E03BDA17E6B1AB002546C3 /* SHCacheManager.m in Sources */ = {isa = PBXBuildFile; fileRef = E8E03BD817E6B1AB002546C3 /* SHCacheManager.m */; };
		E8E03BDE17E6B4BB002546C3 /* libsqlite3.dylib in Frameworks */ = {isa = PBXBuildFile; fileRef = E8E03BDD17E6B4BB002546C3 /* libsqlite3.dylib */; };
		E8EAB699186000DC00144DDE /* SHCacheManager.h in Copy Files */ = {isa = PBXBuildFile; fileRef = E8E03BD717E6B1AB002546C3 /* SHCacheManager.h */; };
/* End PBXBuildFile section */

/* Begin PBXCopyFilesBuildPhase section */
		E8080DA717BF84CE006B68EB /* Copy Files */ = {
			isa = PBXCopyFilesBuildPhase;
			buildActionMask = 12;
			dstPath = "include/${PRODUCT_NAME}";
			dstSubfolderSpec = 11;
			files = (
				E8BDF6481863F01700AC9B82 /* SHHttpTask.h in Copy Files */,
				E8BDF6491863F01700AC9B82 /* SHHttpTaskM.h in Copy Files */,
				E8D07038186047D600A8E788 /* wax.h in Copy Files */,
				E8EAB699186000DC00144DDE /* SHCacheManager.h in Copy Files */,
				9E33DB1A18585098008C61AC /* SHLogger.h in Copy Files */,
				E83E17FF18570796001E29D3 /* SHFlowManager.h in Copy Files */,
				E84AB72A1855BB70005538A5 /* SHPrivateAPI.h in Copy Files */,
				E868402A1823818F00938464 /* IPAddress.h in Copy Files */,
				E86840251823535200938464 /* SHTools.h in Copy Files */,
				E827F8EB181F8CE000389134 /* SHUser.h in Copy Files */,
				E81E443D18179B2C00EA9090 /* NSData+AES.h in Copy Files */,
				E81E443E18179B2C00EA9090 /* NSString+MD5.h in Copy Files */,
				E8C835B2180D0FD200F88A3E /* SHFuck.h in Copy Files */,
				E858D66F1803B43D0071DA24 /* SHConfigManager.h in Copy Files */,
				E858D6701803B43D0071DA24 /* SHVersion.h in Copy Files */,
				E887F79B17F422AC00871292 /* Base64.h in Copy Files */,
				E887F79517F2AE8900871292 /* FileManager.h in Copy Files */,
				E887F78F17F287F300871292 /* SHCrashManager.h in Copy Files */,
				E876E9EE17EEACA3005D8361 /* SHIIOSVersion.h in Copy Files */,
				E87F0A1B17E2A448009E57E8 /* Respinfo.h in Copy Files */,
				E87F0A1117E203D2009E57E8 /* Entironment.h in Copy Files */,
				E87F0A0B17E1F412009E57E8 /* SHPostTaskM.h in Copy Files */,
				E8B8415517D70A58006A0291 /* SHObject.h in Copy Files */,
				E8B8415617D70A58006A0291 /* NVSkin.h in Copy Files */,
				E8B8415717D70A58006A0291 /* SHTask.h in Copy Files */,
				E8B8415817D70A58006A0291 /* SHPostTask.h in Copy Files */,
				E8080DB217BF84CE006B68EB /* Core.h in Copy Files */,
			);
			name = "Copy Files";
			runOnlyForDeploymentPostprocessing = 0;
		};
/* End PBXCopyFilesBuildPhase section */

/* Begin PBXFileReference section */
		9EA09A1A185840BB0000A7A3 /* SHLogger.h */ = {isa = PBXFileReference; fileEncoding = 4; lastKnownFileType = sourcecode.c.h; path = SHLogger.h; sourceTree = "<group>"; };
		9EA09A1B185840BB0000A7A3 /* SHLogger.m */ = {isa = PBXFileReference; fileEncoding = 4; lastKnownFileType = sourcecode.c.objc; path = SHLogger.m; sourceTree = "<group>"; };
		E8080DA917BF84CE006B68EB /* libCore.a */ = {isa = PBXFileReference; explicitFileType = archive.ar; includeInIndex = 0; path = libCore.a; sourceTree = BUILT_PRODUCTS_DIR; };
		E8080DAC17BF84CE006B68EB /* Foundation.framework */ = {isa = PBXFileReference; lastKnownFileType = wrapper.framework; name = Foundation.framework; path = System/Library/Frameworks/Foundation.framework; sourceTree = SDKROOT; };
		E8080DB017BF84CE006B68EB /* Core-Prefix.pch */ = {isa = PBXFileReference; lastKnownFileType = sourcecode.c.h; path = "Core-Prefix.pch"; sourceTree = "<group>"; };
		E8080DB117BF84CE006B68EB /* Core.h */ = {isa = PBXFileReference; lastKnownFileType = sourcecode.c.h; path = Core.h; sourceTree = "<group>"; };
		E8080DBB17BF84CE006B68EB /* SenTestingKit.framework */ = {isa = PBXFileReference; lastKnownFileType = wrapper.framework; name = SenTestingKit.framework; path = Library/Frameworks/SenTestingKit.framework; sourceTree = DEVELOPER_DIR; };
		E8080DC517BF84CE006B68EB /* CoreTests-Info.plist */ = {isa = PBXFileReference; lastKnownFileType = text.plist.xml; path = "CoreTests-Info.plist"; sourceTree = "<group>"; };
		E8080DC717BF84CE006B68EB /* en */ = {isa = PBXFileReference; lastKnownFileType = text.plist.strings; name = en; path = en.lproj/InfoPlist.strings; sourceTree = "<group>"; };
		E8080DC917BF84CE006B68EB /* CoreTests.h */ = {isa = PBXFileReference; lastKnownFileType = sourcecode.c.h; path = CoreTests.h; sourceTree = "<group>"; };
		E8080DCA17BF84CE006B68EB /* CoreTests.m */ = {isa = PBXFileReference; lastKnownFileType = sourcecode.c.objc; path = CoreTests.m; sourceTree = "<group>"; };
		E8080E2417BF8E99006B68EB /* SHObject.h */ = {isa = PBXFileReference; fileEncoding = 4; lastKnownFileType = sourcecode.c.h; path = SHObject.h; sourceTree = "<group>"; };
		E8080E2517BF8E99006B68EB /* SHObject.m */ = {isa = PBXFileReference; fileEncoding = 4; lastKnownFileType = sourcecode.c.objc; path = SHObject.m; sourceTree = "<group>"; };
		E8080E2717BF8EAD006B68EB /* SHTask.h */ = {isa = PBXFileReference; fileEncoding = 4; lastKnownFileType = sourcecode.c.h; path = SHTask.h; sourceTree = "<group>"; };
		E8080E2817BF8EAD006B68EB /* SHTask.m */ = {isa = PBXFileReference; fileEncoding = 4; lastKnownFileType = sourcecode.c.objc; path = SHTask.m; sourceTree = "<group>"; };
		E8080E2A17BF907E006B68EB /* SHPostTask.h */ = {isa = PBXFileReference; fileEncoding = 4; lastKnownFileType = sourcecode.c.h; path = SHPostTask.h; sourceTree = "<group>"; };
		E8080E2B17BF907E006B68EB /* SHPostTask.m */ = {isa = PBXFileReference; fileEncoding = 4; lastKnownFileType = sourcecode.c.objc; path = SHPostTask.m; sourceTree = "<group>"; };
		E81A41AE1808F62200D9B399 /* GDataXMLNode.h */ = {isa = PBXFileReference; fileEncoding = 4; lastKnownFileType = sourcecode.c.h; path = GDataXMLNode.h; sourceTree = "<group>"; };
		E81A41AF1808F62200D9B399 /* GDataXMLNode.m */ = {isa = PBXFileReference; fileEncoding = 4; lastKnownFileType = sourcecode.c.objc; path = GDataXMLNode.m; sourceTree = "<group>"; };
		E81A41B31808F62B00D9B399 /* CHANGELOG.md */ = {isa = PBXFileReference; lastKnownFileType = text; path = CHANGELOG.md; sourceTree = "<group>"; };
		E81A41B41808F62B00D9B399 /* JSONKit.h */ = {isa = PBXFileReference; lastKnownFileType = sourcecode.c.h; path = JSONKit.h; sourceTree = "<group>"; };
		E81A41B51808F62B00D9B399 /* JSONKit.m */ = {isa = PBXFileReference; lastKnownFileType = sourcecode.c.objc; path = JSONKit.m; sourceTree = "<group>"; };
		E81A41B61808F62B00D9B399 /* README.md */ = {isa = PBXFileReference; lastKnownFileType = text; path = README.md; sourceTree = "<group>"; };
		E81E442B18179A1000EA9090 /* NSData+AES.h */ = {isa = PBXFileReference; fileEncoding = 4; lastKnownFileType = sourcecode.c.h; path = "NSData+AES.h"; sourceTree = "<group>"; };
		E81E442C18179A1000EA9090 /* NSData+AES.m */ = {isa = PBXFileReference; fileEncoding = 4; lastKnownFileType = sourcecode.c.objc; path = "NSData+AES.m"; sourceTree = "<group>"; };
		E81E442D18179A1000EA9090 /* NSString+MD5.h */ = {isa = PBXFileReference; fileEncoding = 4; lastKnownFileType = sourcecode.c.h; path = "NSString+MD5.h"; sourceTree = "<group>"; };
		E81E442E18179A1000EA9090 /* NSString+MD5.m */ = {isa = PBXFileReference; fileEncoding = 4; lastKnownFileType = sourcecode.c.objc; path = "NSString+MD5.m"; sourceTree = "<group>"; };
		E827F8E7181F8B7000389134 /* SHUser.h */ = {isa = PBXFileReference; fileEncoding = 4; lastKnownFileType = sourcecode.c.h; path = SHUser.h; sourceTree = "<group>"; };
		E827F8E8181F8B7000389134 /* SHUser.m */ = {isa = PBXFileReference; fileEncoding = 4; lastKnownFileType = sourcecode.c.objc; path = SHUser.m; sourceTree = "<group>"; };
		E8329E0B1855CD0C00D40DAF /* Security.framework */ = {isa = PBXFileReference; lastKnownFileType = wrapper.framework; name = Security.framework; path = System/Library/Frameworks/Security.framework; sourceTree = SDKROOT; };
		E83E17DD1856EA12001E29D3 /* SHFlowManager.h */ = {isa = PBXFileReference; fileEncoding = 4; lastKnownFileType = sourcecode.c.h; path = SHFlowManager.h; sourceTree = "<group>"; };
		E83E17DE1856EA12001E29D3 /* SHFlowManager.m */ = {isa = PBXFileReference; fileEncoding = 4; lastKnownFileType = sourcecode.c.objc; path = SHFlowManager.m; sourceTree = "<group>"; };
		E84AB7201855B680005538A5 /* SHPrivateAPI.h */ = {isa = PBXFileReference; fileEncoding = 4; lastKnownFileType = sourcecode.c.h; path = SHPrivateAPI.h; sourceTree = "<group>"; };
		E84AB7211855B680005538A5 /* SHPrivateAPI.m */ = {isa = PBXFileReference; fileEncoding = 4; lastKnownFileType = sourcecode.c.objc; path = SHPrivateAPI.m; sourceTree = "<group>"; };
		E84AB7281855B8FF005538A5 /* CoreTelephony.framework */ = {isa = PBXFileReference; lastKnownFileType = wrapper.framework; name = CoreTelephony.framework; path = System/Library/Frameworks/CoreTelephony.framework; sourceTree = SDKROOT; };
		E858D6621803B28F0071DA24 /* SHConfigManager.h */ = {isa = PBXFileReference; fileEncoding = 4; lastKnownFileType = sourcecode.c.h; path = SHConfigManager.h; sourceTree = "<group>"; };
		E858D6631803B28F0071DA24 /* SHConfigManager.m */ = {isa = PBXFileReference; fileEncoding = 4; lastKnownFileType = sourcecode.c.objc; path = SHConfigManager.m; sourceTree = "<group>"; };
		E858D6641803B28F0071DA24 /* SHVersion.h */ = {isa = PBXFileReference; fileEncoding = 4; lastKnownFileType = sourcecode.c.h; path = SHVersion.h; sourceTree = "<group>"; };
		E858D6651803B28F0071DA24 /* SHVersion.m */ = {isa = PBXFileReference; fileEncoding = 4; lastKnownFileType = sourcecode.c.objc; path = SHVersion.m; sourceTree = "<group>"; };
		E85F008F17EE9A2200F9F02C /* SHIIOSVersion.h */ = {isa = PBXFileReference; fileEncoding = 4; lastKnownFileType = sourcecode.c.h; path = SHIIOSVersion.h; sourceTree = "<group>"; };
		E85F009017EE9A2200F9F02C /* SHIIOSVersion.m */ = {isa = PBXFileReference; fileEncoding = 4; lastKnownFileType = sourcecode.c.objc; path = SHIIOSVersion.m; sourceTree = "<group>"; };
		E86840211823530C00938464 /* SHTools.h */ = {isa = PBXFileReference; fileEncoding = 4; lastKnownFileType = sourcecode.c.h; path = SHTools.h; sourceTree = "<group>"; };
		E86840221823530C00938464 /* SHTools.m */ = {isa = PBXFileReference; fileEncoding = 4; lastKnownFileType = sourcecode.c.objc; path = SHTools.m; sourceTree = "<group>"; };
		E86840261823810B00938464 /* IPAddress.h */ = {isa = PBXFileReference; fileEncoding = 4; lastKnownFileType = sourcecode.c.h; path = IPAddress.h; sourceTree = "<group>"; };
		E86840271823810B00938464 /* IPAddress.m */ = {isa = PBXFileReference; fileEncoding = 4; lastKnownFileType = sourcecode.c.objc; path = IPAddress.m; sourceTree = "<group>"; };
		E87F0A0717E16757009E57E8 /* SHPostTaskM.h */ = {isa = PBXFileReference; fileEncoding = 4; lastKnownFileType = sourcecode.c.h; path = SHPostTaskM.h; sourceTree = "<group>"; };
		E87F0A0817E16757009E57E8 /* SHPostTaskM.m */ = {isa = PBXFileReference; fileEncoding = 4; lastKnownFileType = sourcecode.c.objc; path = SHPostTaskM.m; sourceTree = "<group>"; };
		E87F0A0D17E1FEF3009E57E8 /* Entironment.h */ = {isa = PBXFileReference; fileEncoding = 4; lastKnownFileType = sourcecode.c.h; path = Entironment.h; sourceTree = "<group>"; };
		E87F0A0E17E1FEF3009E57E8 /* Entironment.m */ = {isa = PBXFileReference; fileEncoding = 4; lastKnownFileType = sourcecode.c.objc; path = Entironment.m; sourceTree = "<group>"; };
		E87F0A1717E2A3DB009E57E8 /* Respinfo.h */ = {isa = PBXFileReference; fileEncoding = 4; lastKnownFileType = sourcecode.c.h; path = Respinfo.h; sourceTree = "<group>"; };
		E87F0A1817E2A3DB009E57E8 /* Respinfo.m */ = {isa = PBXFileReference; fileEncoding = 4; lastKnownFileType = sourcecode.c.objc; path = Respinfo.m; sourceTree = "<group>"; };
		E87F0A1D17E2A623009E57E8 /* UIKit.framework */ = {isa = PBXFileReference; lastKnownFileType = wrapper.framework; name = UIKit.framework; path = System/Library/Frameworks/UIKit.framework; sourceTree = SDKROOT; };
		E887F78517F1C88B00871292 /* Identication.h */ = {isa = PBXFileReference; fileEncoding = 4; lastKnownFileType = sourcecode.c.h; path = Identication.h; sourceTree = "<group>"; };
		E887F78617F1C88B00871292 /* Identication.m */ = {isa = PBXFileReference; fileEncoding = 4; lastKnownFileType = sourcecode.c.objc; path = Identication.m; sourceTree = "<group>"; };
		E887F78B17F284EE00871292 /* SHCrashManager.h */ = {isa = PBXFileReference; fileEncoding = 4; lastKnownFileType = sourcecode.c.h; path = SHCrashManager.h; sourceTree = "<group>"; };
		E887F78C17F284EE00871292 /* SHCrashManager.m */ = {isa = PBXFileReference; fileEncoding = 4; lastKnownFileType = sourcecode.c.objc; path = SHCrashManager.m; sourceTree = "<group>"; };
		E887F79117F2AD8500871292 /* FileManager.h */ = {isa = PBXFileReference; fileEncoding = 4; lastKnownFileType = sourcecode.c.h; path = FileManager.h; sourceTree = "<group>"; };
		E887F79217F2AD8500871292 /* FileManager.m */ = {isa = PBXFileReference; fileEncoding = 4; lastKnownFileType = sourcecode.c.objc; path = FileManager.m; sourceTree = "<group>"; };
		E887F79717F422A000871292 /* Base64.h */ = {isa = PBXFileReference; fileEncoding = 4; lastKnownFileType = sourcecode.c.h; path = Base64.h; sourceTree = "<group>"; };
		E887F79817F422A000871292 /* Base64.m */ = {isa = PBXFileReference; fileEncoding = 4; lastKnownFileType = sourcecode.c.objc; path = Base64.m; sourceTree = "<group>"; };
		E8B41BAD180CE7A500069506 /* SHAnalyzeFactory.h */ = {isa = PBXFileReference; fileEncoding = 4; lastKnownFileType = sourcecode.c.h; path = SHAnalyzeFactory.h; sourceTree = "<group>"; };
		E8B41BAE180CE7A500069506 /* SHAnalyzeFactory.m */ = {isa = PBXFileReference; fileEncoding = 4; lastKnownFileType = sourcecode.c.objc; path = SHAnalyzeFactory.m; sourceTree = "<group>"; };
		E8B41BB1180D0B1700069506 /* SHFuck.h */ = {isa = PBXFileReference; fileEncoding = 4; lastKnownFileType = sourcecode.c.h; path = SHFuck.h; sourceTree = "<group>"; };
		E8B41BB2180D0B1700069506 /* SHFuck.m */ = {isa = PBXFileReference; fileEncoding = 4; lastKnownFileType = sourcecode.c.objc; path = SHFuck.m; sourceTree = "<group>"; };
		E8B8412117D6FB26006A0291 /* NVSkin.h */ = {isa = PBXFileReference; fileEncoding = 4; lastKnownFileType = sourcecode.c.h; path = NVSkin.h; sourceTree = "<group>"; };
		E8B8412317D6FB31006A0291 /* NVSkin.m */ = {isa = PBXFileReference; fileEncoding = 4; lastKnownFileType = sourcecode.c.objc; path = NVSkin.m; sourceTree = "<group>"; };
		E8BDF6401863EC9600AC9B82 /* SHHttpTask.h */ = {isa = PBXFileReference; fileEncoding = 4; lastKnownFileType = sourcecode.c.h; path = SHHttpTask.h; sourceTree = "<group>"; };
		E8BDF6411863EC9600AC9B82 /* SHHttpTask.m */ = {isa = PBXFileReference; fileEncoding = 4; lastKnownFileType = sourcecode.c.objc; path = SHHttpTask.m; sourceTree = "<group>"; };
		E8BDF6441863ED0D00AC9B82 /* SHHttpTaskM.h */ = {isa = PBXFileReference; fileEncoding = 4; lastKnownFileType = sourcecode.c.h; path = SHHttpTaskM.h; sourceTree = "<group>"; };
		E8BDF6451863ED0D00AC9B82 /* SHHttpTaskM.m */ = {isa = PBXFileReference; fileEncoding = 4; lastKnownFileType = sourcecode.c.objc; path = SHHttpTaskM.m; sourceTree = "<group>"; };
		E8D06F37186043C100A8E788 /* compile-stdlib.sh */ = {isa = PBXFileReference; fileEncoding = 4; lastKnownFileType = text.script.sh; path = "compile-stdlib.sh"; sourceTree = "<group>"; };
		E8D06F38186043C100A8E788 /* copy-scripts.sh */ = {isa = PBXFileReference; fileEncoding = 4; lastKnownFileType = text.script.sh; path = "copy-scripts.sh"; sourceTree = "<group>"; };
		E8D06F39186043C100A8E788 /* luac.lua */ = {isa = PBXFileReference; fileEncoding = 4; lastKnownFileType = text; path = luac.lua; sourceTree = "<group>"; };
		E8D06F3C186043C100A8E788 /* wax_CGTransform.h */ = {isa = PBXFileReference; fileEncoding = 4; lastKnownFileType = sourcecode.c.h; path = wax_CGTransform.h; sourceTree = "<group>"; };
		E8D06F3D186043C100A8E788 /* wax_CGTransform.m */ = {isa = PBXFileReference; fileEncoding = 4; lastKnownFileType = sourcecode.c.objc; path = wax_CGTransform.m; sourceTree = "<group>"; };
		E8D06F3F186043C100A8E788 /* wax_CGContext.h */ = {isa = PBXFileReference; fileEncoding = 4; lastKnownFileType = sourcecode.c.h; path = wax_CGContext.h; sourceTree = "<group>"; };
		E8D06F40186043C100A8E788 /* wax_CGContext.m */ = {isa = PBXFileReference; fileEncoding = 4; lastKnownFileType = sourcecode.c.objc; path = wax_CGContext.m; sourceTree = "<group>"; };
		E8D06F42186043C100A8E788 /* wax_filesystem.h */ = {isa = PBXFileReference; fileEncoding = 4; lastKnownFileType = sourcecode.c.h; path = wax_filesystem.h; sourceTree = "<group>"; };
		E8D06F43186043C100A8E788 /* wax_filesystem.m */ = {isa = PBXFileReference; fileEncoding = 4; lastKnownFileType = sourcecode.c.objc; path = wax_filesystem.m; sourceTree = "<group>"; };
		E8D06F45186043C100A8E788 /* wax_http.h */ = {isa = PBXFileReference; fileEncoding = 4; lastKnownFileType = sourcecode.c.h; path = wax_http.h; sourceTree = "<group>"; };
		E8D06F46186043C100A8E788 /* wax_http.m */ = {isa = PBXFileReference; fileEncoding = 4; lastKnownFileType = sourcecode.c.objc; path = wax_http.m; sourceTree = "<group>"; };
		E8D06F47186043C100A8E788 /* wax_http_connection.h */ = {isa = PBXFileReference; fileEncoding = 4; lastKnownFileType = sourcecode.c.h; path = wax_http_connection.h; sourceTree = "<group>"; };
		E8D06F48186043C100A8E788 /* wax_http_connection.m */ = {isa = PBXFileReference; fileEncoding = 4; lastKnownFileType = sourcecode.c.objc; path = wax_http_connection.m; sourceTree = "<group>"; };
		E8D06F4A186043C100A8E788 /* Rakefile */ = {isa = PBXFileReference; fileEncoding = 4; lastKnownFileType = text; path = Rakefile; sourceTree = "<group>"; };
		E8D06F4B186043C100A8E788 /* wax_json.c */ = {isa = PBXFileReference; fileEncoding = 4; lastKnownFileType = sourcecode.c.c; path = wax_json.c; sourceTree = "<group>"; };
		E8D06F4C186043C100A8E788 /* wax_json.h */ = {isa = PBXFileReference; fileEncoding = 4; lastKnownFileType = sourcecode.c.h; path = wax_json.h; sourceTree = "<group>"; };
		E8D06F4F186043C100A8E788 /* yajl_common.h */ = {isa = PBXFileReference; fileEncoding = 4; lastKnownFileType = sourcecode.c.h; path = yajl_common.h; sourceTree = "<group>"; };
		E8D06F50186043C100A8E788 /* yajl_gen.h */ = {isa = PBXFileReference; fileEncoding = 4; lastKnownFileType = sourcecode.c.h; path = yajl_gen.h; sourceTree = "<group>"; };
		E8D06F51186043C100A8E788 /* yajl_parse.h */ = {isa = PBXFileReference; fileEncoding = 4; lastKnownFileType = sourcecode.c.h; path = yajl_parse.h; sourceTree = "<group>"; };
		E8D06F52186043C100A8E788 /* yajl.c */ = {isa = PBXFileReference; fileEncoding = 4; lastKnownFileType = sourcecode.c.c; path = yajl.c; sourceTree = "<group>"; };
		E8D06F53186043C100A8E788 /* yajl_alloc.c */ = {isa = PBXFileReference; fileEncoding = 4; lastKnownFileType = sourcecode.c.c; path = yajl_alloc.c; sourceTree = "<group>"; };
		E8D06F54186043C100A8E788 /* yajl_alloc.h */ = {isa = PBXFileReference; fileEncoding = 4; lastKnownFileType = sourcecode.c.h; path = yajl_alloc.h; sourceTree = "<group>"; };
		E8D06F55186043C100A8E788 /* yajl_buf.c */ = {isa = PBXFileReference; fileEncoding = 4; lastKnownFileType = sourcecode.c.c; path = yajl_buf.c; sourceTree = "<group>"; };
		E8D06F56186043C100A8E788 /* yajl_buf.h */ = {isa = PBXFileReference; fileEncoding = 4; lastKnownFileType = sourcecode.c.h; path = yajl_buf.h; sourceTree = "<group>"; };
		E8D06F57186043C100A8E788 /* yajl_bytestack.h */ = {isa = PBXFileReference; fileEncoding = 4; lastKnownFileType = sourcecode.c.h; path = yajl_bytestack.h; sourceTree = "<group>"; };
		E8D06F58186043C100A8E788 /* yajl_common.h */ = {isa = PBXFileReference; fileEncoding = 4; lastKnownFileType = sourcecode.c.h; path = yajl_common.h; sourceTree = "<group>"; };
		E8D06F59186043C100A8E788 /* yajl_encode.c */ = {isa = PBXFileReference; fileEncoding = 4; lastKnownFileType = sourcecode.c.c; path = yajl_encode.c; sourceTree = "<group>"; };
		E8D06F5A186043C100A8E788 /* yajl_encode.h */ = {isa = PBXFileReference; fileEncoding = 4; lastKnownFileType = sourcecode.c.h; path = yajl_encode.h; sourceTree = "<group>"; };
		E8D06F5B186043C100A8E788 /* yajl_gen.c */ = {isa = PBXFileReference; fileEncoding = 4; lastKnownFileType = sourcecode.c.c; path = yajl_gen.c; sourceTree = "<group>"; };
		E8D06F5C186043C100A8E788 /* yajl_gen.h */ = {isa = PBXFileReference; fileEncoding = 4; lastKnownFileType = sourcecode.c.h; path = yajl_gen.h; sourceTree = "<group>"; };
		E8D06F5D186043C100A8E788 /* yajl_lex.c */ = {isa = PBXFileReference; fileEncoding = 4; lastKnownFileType = sourcecode.c.c; path = yajl_lex.c; sourceTree = "<group>"; };
		E8D06F5E186043C100A8E788 /* yajl_lex.h */ = {isa = PBXFileReference; fileEncoding = 4; lastKnownFileType = sourcecode.c.h; path = yajl_lex.h; sourceTree = "<group>"; };
		E8D06F5F186043C100A8E788 /* yajl_parse.h */ = {isa = PBXFileReference; fileEncoding = 4; lastKnownFileType = sourcecode.c.h; path = yajl_parse.h; sourceTree = "<group>"; };
		E8D06F60186043C100A8E788 /* yajl_parser.c */ = {isa = PBXFileReference; fileEncoding = 4; lastKnownFileType = sourcecode.c.c; path = yajl_parser.c; sourceTree = "<group>"; };
		E8D06F61186043C100A8E788 /* yajl_parser.h */ = {isa = PBXFileReference; fileEncoding = 4; lastKnownFileType = sourcecode.c.h; path = yajl_parser.h; sourceTree = "<group>"; };
		E8D06F62186043C100A8E788 /* yajl-1.0.9.tar.gz */ = {isa = PBXFileReference; lastKnownFileType = archive.gzip; path = "yajl-1.0.9.tar.gz"; sourceTree = "<group>"; };
		E8D06F64186043C100A8E788 /* wax_sqlite.h */ = {isa = PBXFileReference; fileEncoding = 4; lastKnownFileType = sourcecode.c.h; path = wax_sqlite.h; sourceTree = "<group>"; };
		E8D06F65186043C100A8E788 /* wax_sqlite.m */ = {isa = PBXFileReference; fileEncoding = 4; lastKnownFileType = sourcecode.c.objc; path = wax_sqlite.m; sourceTree = "<group>"; };
		E8D06F66186043C100A8E788 /* wax_sqlite_operation.h */ = {isa = PBXFileReference; fileEncoding = 4; lastKnownFileType = sourcecode.c.h; path = wax_sqlite_operation.h; sourceTree = "<group>"; };
		E8D06F67186043C100A8E788 /* wax_sqlite_operation.m */ = {isa = PBXFileReference; fileEncoding = 4; lastKnownFileType = sourcecode.c.objc; path = wax_sqlite_operation.m; sourceTree = "<group>"; };
		E8D06F69186043C100A8E788 /* wax_xml.h */ = {isa = PBXFileReference; fileEncoding = 4; lastKnownFileType = sourcecode.c.h; path = wax_xml.h; sourceTree = "<group>"; };
		E8D06F6A186043C100A8E788 /* wax_xml.m */ = {isa = PBXFileReference; fileEncoding = 4; lastKnownFileType = sourcecode.c.objc; path = wax_xml.m; sourceTree = "<group>"; };
		E8D06F6C186043C100A8E788 /* lapi.c */ = {isa = PBXFileReference; fileEncoding = 4; lastKnownFileType = sourcecode.c.c; path = lapi.c; sourceTree = "<group>"; };
		E8D06F6D186043C100A8E788 /* lapi.h */ = {isa = PBXFileReference; fileEncoding = 4; lastKnownFileType = sourcecode.c.h; path = lapi.h; sourceTree = "<group>"; };
		E8D06F6E186043C100A8E788 /* lauxlib.c */ = {isa = PBXFileReference; fileEncoding = 4; lastKnownFileType = sourcecode.c.c; path = lauxlib.c; sourceTree = "<group>"; };
		E8D06F6F186043C100A8E788 /* lauxlib.h */ = {isa = PBXFileReference; fileEncoding = 4; lastKnownFileType = sourcecode.c.h; path = lauxlib.h; sourceTree = "<group>"; };
		E8D06F70186043C100A8E788 /* lbaselib.c */ = {isa = PBXFileReference; fileEncoding = 4; lastKnownFileType = sourcecode.c.c; path = lbaselib.c; sourceTree = "<group>"; };
		E8D06F71186043C100A8E788 /* lcode.c */ = {isa = PBXFileReference; fileEncoding = 4; lastKnownFileType = sourcecode.c.c; path = lcode.c; sourceTree = "<group>"; };
		E8D06F72186043C100A8E788 /* lcode.h */ = {isa = PBXFileReference; fileEncoding = 4; lastKnownFileType = sourcecode.c.h; path = lcode.h; sourceTree = "<group>"; };
		E8D06F73186043C100A8E788 /* ldblib.c */ = {isa = PBXFileReference; fileEncoding = 4; lastKnownFileType = sourcecode.c.c; path = ldblib.c; sourceTree = "<group>"; };
		E8D06F74186043C100A8E788 /* ldebug.c */ = {isa = PBXFileReference; fileEncoding = 4; lastKnownFileType = sourcecode.c.c; path = ldebug.c; sourceTree = "<group>"; };
		E8D06F75186043C100A8E788 /* ldebug.h */ = {isa = PBXFileReference; fileEncoding = 4; lastKnownFileType = sourcecode.c.h; path = ldebug.h; sourceTree = "<group>"; };
		E8D06F76186043C100A8E788 /* ldo.c */ = {isa = PBXFileReference; fileEncoding = 4; lastKnownFileType = sourcecode.c.c; path = ldo.c; sourceTree = "<group>"; };
		E8D06F77186043C100A8E788 /* ldo.h */ = {isa = PBXFileReference; fileEncoding = 4; lastKnownFileType = sourcecode.c.h; path = ldo.h; sourceTree = "<group>"; };
		E8D06F78186043C100A8E788 /* ldump.c */ = {isa = PBXFileReference; fileEncoding = 4; lastKnownFileType = sourcecode.c.c; path = ldump.c; sourceTree = "<group>"; };
		E8D06F79186043C100A8E788 /* lfunc.c */ = {isa = PBXFileReference; fileEncoding = 4; lastKnownFileType = sourcecode.c.c; path = lfunc.c; sourceTree = "<group>"; };
		E8D06F7A186043C100A8E788 /* lfunc.h */ = {isa = PBXFileReference; fileEncoding = 4; lastKnownFileType = sourcecode.c.h; path = lfunc.h; sourceTree = "<group>"; };
		E8D06F7B186043C100A8E788 /* lgc.c */ = {isa = PBXFileReference; fileEncoding = 4; lastKnownFileType = sourcecode.c.c; path = lgc.c; sourceTree = "<group>"; };
		E8D06F7C186043C100A8E788 /* lgc.h */ = {isa = PBXFileReference; fileEncoding = 4; lastKnownFileType = sourcecode.c.h; path = lgc.h; sourceTree = "<group>"; };
		E8D06F7D186043C100A8E788 /* linit.c */ = {isa = PBXFileReference; fileEncoding = 4; lastKnownFileType = sourcecode.c.c; path = linit.c; sourceTree = "<group>"; };
		E8D06F7E186043C100A8E788 /* liolib.c */ = {isa = PBXFileReference; fileEncoding = 4; lastKnownFileType = sourcecode.c.c; path = liolib.c; sourceTree = "<group>"; };
		E8D06F7F186043C100A8E788 /* llex.c */ = {isa = PBXFileReference; fileEncoding = 4; lastKnownFileType = sourcecode.c.c; path = llex.c; sourceTree = "<group>"; };
		E8D06F80186043C100A8E788 /* llex.h */ = {isa = PBXFileReference; fileEncoding = 4; lastKnownFileType = sourcecode.c.h; path = llex.h; sourceTree = "<group>"; };
		E8D06F81186043C100A8E788 /* llimits.h */ = {isa = PBXFileReference; fileEncoding = 4; lastKnownFileType = sourcecode.c.h; path = llimits.h; sourceTree = "<group>"; };
		E8D06F82186043C100A8E788 /* lmathlib.c */ = {isa = PBXFileReference; fileEncoding = 4; lastKnownFileType = sourcecode.c.c; path = lmathlib.c; sourceTree = "<group>"; };
		E8D06F83186043C100A8E788 /* lmem.c */ = {isa = PBXFileReference; fileEncoding = 4; lastKnownFileType = sourcecode.c.c; path = lmem.c; sourceTree = "<group>"; };
		E8D06F84186043C100A8E788 /* lmem.h */ = {isa = PBXFileReference; fileEncoding = 4; lastKnownFileType = sourcecode.c.h; path = lmem.h; sourceTree = "<group>"; };
		E8D06F85186043C100A8E788 /* loadlib.c */ = {isa = PBXFileReference; fileEncoding = 4; lastKnownFileType = sourcecode.c.c; path = loadlib.c; sourceTree = "<group>"; };
		E8D06F86186043C100A8E788 /* lobject.c */ = {isa = PBXFileReference; fileEncoding = 4; lastKnownFileType = sourcecode.c.c; path = lobject.c; sourceTree = "<group>"; };
		E8D06F87186043C100A8E788 /* lobject.h */ = {isa = PBXFileReference; fileEncoding = 4; lastKnownFileType = sourcecode.c.h; path = lobject.h; sourceTree = "<group>"; };
		E8D06F88186043C100A8E788 /* lopcodes.c */ = {isa = PBXFileReference; fileEncoding = 4; lastKnownFileType = sourcecode.c.c; path = lopcodes.c; sourceTree = "<group>"; };
		E8D06F89186043C100A8E788 /* lopcodes.h */ = {isa = PBXFileReference; fileEncoding = 4; lastKnownFileType = sourcecode.c.h; path = lopcodes.h; sourceTree = "<group>"; };
		E8D06F8A186043C100A8E788 /* loslib.c */ = {isa = PBXFileReference; fileEncoding = 4; lastKnownFileType = sourcecode.c.c; path = loslib.c; sourceTree = "<group>"; };
		E8D06F8B186043C100A8E788 /* lparser.c */ = {isa = PBXFileReference; fileEncoding = 4; lastKnownFileType = sourcecode.c.c; path = lparser.c; sourceTree = "<group>"; };
		E8D06F8C186043C100A8E788 /* lparser.h */ = {isa = PBXFileReference; fileEncoding = 4; lastKnownFileType = sourcecode.c.h; path = lparser.h; sourceTree = "<group>"; };
		E8D06F8D186043C100A8E788 /* lstate.c */ = {isa = PBXFileReference; fileEncoding = 4; lastKnownFileType = sourcecode.c.c; path = lstate.c; sourceTree = "<group>"; };
		E8D06F8E186043C100A8E788 /* lstate.h */ = {isa = PBXFileReference; fileEncoding = 4; lastKnownFileType = sourcecode.c.h; path = lstate.h; sourceTree = "<group>"; };
		E8D06F8F186043C100A8E788 /* lstring.c */ = {isa = PBXFileReference; fileEncoding = 4; lastKnownFileType = sourcecode.c.c; path = lstring.c; sourceTree = "<group>"; };
		E8D06F90186043C100A8E788 /* lstring.h */ = {isa = PBXFileReference; fileEncoding = 4; lastKnownFileType = sourcecode.c.h; path = lstring.h; sourceTree = "<group>"; };
		E8D06F91186043C100A8E788 /* lstrlib.c */ = {isa = PBXFileReference; fileEncoding = 4; lastKnownFileType = sourcecode.c.c; path = lstrlib.c; sourceTree = "<group>"; };
		E8D06F92186043C100A8E788 /* ltable.c */ = {isa = PBXFileReference; fileEncoding = 4; lastKnownFileType = sourcecode.c.c; path = ltable.c; sourceTree = "<group>"; };
		E8D06F93186043C100A8E788 /* ltable.h */ = {isa = PBXFileReference; fileEncoding = 4; lastKnownFileType = sourcecode.c.h; path = ltable.h; sourceTree = "<group>"; };
		E8D06F94186043C100A8E788 /* ltablib.c */ = {isa = PBXFileReference; fileEncoding = 4; lastKnownFileType = sourcecode.c.c; path = ltablib.c; sourceTree = "<group>"; };
		E8D06F95186043C100A8E788 /* ltm.c */ = {isa = PBXFileReference; fileEncoding = 4; lastKnownFileType = sourcecode.c.c; path = ltm.c; sourceTree = "<group>"; };
		E8D06F96186043C100A8E788 /* ltm.h */ = {isa = PBXFileReference; fileEncoding = 4; lastKnownFileType = sourcecode.c.h; path = ltm.h; sourceTree = "<group>"; };
		E8D06F97186043C100A8E788 /* lua.h */ = {isa = PBXFileReference; fileEncoding = 4; lastKnownFileType = sourcecode.c.h; path = lua.h; sourceTree = "<group>"; };
		E8D06F98186043C100A8E788 /* luaconf.h */ = {isa = PBXFileReference; fileEncoding = 4; lastKnownFileType = sourcecode.c.h; path = luaconf.h; sourceTree = "<group>"; };
		E8D06F99186043C100A8E788 /* lualib.h */ = {isa = PBXFileReference; fileEncoding = 4; lastKnownFileType = sourcecode.c.h; path = lualib.h; sourceTree = "<group>"; };
		E8D06F9A186043C100A8E788 /* lundump.c */ = {isa = PBXFileReference; fileEncoding = 4; lastKnownFileType = sourcecode.c.c; path = lundump.c; sourceTree = "<group>"; };
		E8D06F9B186043C100A8E788 /* lundump.h */ = {isa = PBXFileReference; fileEncoding = 4; lastKnownFileType = sourcecode.c.h; path = lundump.h; sourceTree = "<group>"; };
		E8D06F9C186043C100A8E788 /* lvm.c */ = {isa = PBXFileReference; fileEncoding = 4; lastKnownFileType = sourcecode.c.c; path = lvm.c; sourceTree = "<group>"; };
		E8D06F9D186043C100A8E788 /* lvm.h */ = {isa = PBXFileReference; fileEncoding = 4; lastKnownFileType = sourcecode.c.h; path = lvm.h; sourceTree = "<group>"; };
		E8D06F9E186043C100A8E788 /* lzio.c */ = {isa = PBXFileReference; fileEncoding = 4; lastKnownFileType = sourcecode.c.c; path = lzio.c; sourceTree = "<group>"; };
		E8D06F9F186043C100A8E788 /* lzio.h */ = {isa = PBXFileReference; fileEncoding = 4; lastKnownFileType = sourcecode.c.h; path = lzio.h; sourceTree = "<group>"; };
		E8D06FA0186043C100A8E788 /* print.c */ = {isa = PBXFileReference; fileEncoding = 4; lastKnownFileType = sourcecode.c.c; path = print.c; sourceTree = "<group>"; };
		E8D06FA1186043C100A8E788 /* project.rake */ = {isa = PBXFileReference; fileEncoding = 4; lastKnownFileType = text; path = project.rake; sourceTree = "<group>"; };
		E8D06FA3186043C100A8E788 /* enums.lua */ = {isa = PBXFileReference; fileEncoding = 4; lastKnownFileType = text; path = enums.lua; sourceTree = "<group>"; };
		E8D06FA5186043C100A8E788 /* http.lua */ = {isa = PBXFileReference; fileEncoding = 4; lastKnownFileType = text; path = http.lua; sourceTree = "<group>"; };
		E8D06FA6186043C100A8E788 /* init.lua */ = {isa = PBXFileReference; fileEncoding = 4; lastKnownFileType = text; path = init.lua; sourceTree = "<group>"; };
		E8D06FA7186043C100A8E788 /* number.lua */ = {isa = PBXFileReference; fileEncoding = 4; lastKnownFileType = text; path = number.lua; sourceTree = "<group>"; };
		E8D06FA8186043C100A8E788 /* string.lua */ = {isa = PBXFileReference; fileEncoding = 4; lastKnownFileType = text; path = string.lua; sourceTree = "<group>"; };
		E8D06FA9186043C100A8E788 /* table.lua */ = {isa = PBXFileReference; fileEncoding = 4; lastKnownFileType = text; path = table.lua; sourceTree = "<group>"; };
		E8D06FAB186043C100A8E788 /* autoload.lua */ = {isa = PBXFileReference; fileEncoding = 4; lastKnownFileType = text; path = autoload.lua; sourceTree = "<group>"; };
		E8D06FAC186043C100A8E788 /* base64.lua */ = {isa = PBXFileReference; fileEncoding = 4; lastKnownFileType = text; path = base64.lua; sourceTree = "<group>"; };
		E8D06FAD186043C100A8E788 /* bit.lua */ = {isa = PBXFileReference; fileEncoding = 4; lastKnownFileType = text; path = bit.lua; sourceTree = "<group>"; };
		E8D06FAE186043C100A8E788 /* cache.lua */ = {isa = PBXFileReference; fileEncoding = 4; lastKnownFileType = text; path = cache.lua; sourceTree = "<group>"; };
		E8D06FAF186043C100A8E788 /* callback.lua */ = {isa = PBXFileReference; fileEncoding = 4; lastKnownFileType = text; path = callback.lua; sourceTree = "<group>"; };
		E8D06FB0186043C100A8E788 /* frame.lua */ = {isa = PBXFileReference; fileEncoding = 4; lastKnownFileType = text; path = frame.lua; sourceTree = "<group>"; };
		E8D06FB1186043C100A8E788 /* init.lua */ = {isa = PBXFileReference; fileEncoding = 4; lastKnownFileType = text; path = init.lua; sourceTree = "<group>"; };
		E8D06FB2186043C100A8E788 /* pickView.lua */ = {isa = PBXFileReference; fileEncoding = 4; lastKnownFileType = text; path = pickView.lua; sourceTree = "<group>"; };
		E8D06FB3186043C100A8E788 /* time.lua */ = {isa = PBXFileReference; fileEncoding = 4; lastKnownFileType = text; path = time.lua; sourceTree = "<group>"; };
		E8D06FB4186043C100A8E788 /* WaxServer.lua */ = {isa = PBXFileReference; fileEncoding = 4; lastKnownFileType = text; path = WaxServer.lua; sourceTree = "<group>"; };
		E8D06FB5186043C100A8E788 /* init.lua */ = {isa = PBXFileReference; fileEncoding = 4; lastKnownFileType = text; path = init.lua; sourceTree = "<group>"; };
		E8D06FB7186043C100A8E788 /* init.lua */ = {isa = PBXFileReference; fileEncoding = 4; lastKnownFileType = text; path = init.lua; sourceTree = "<group>"; };
		E8D06FB8186043C100A8E788 /* luamock.lua */ = {isa = PBXFileReference; fileEncoding = 4; lastKnownFileType = text; path = luamock.lua; sourceTree = "<group>"; };
		E8D06FB9186043C100A8E788 /* luaspec.lua */ = {isa = PBXFileReference; fileEncoding = 4; lastKnownFileType = text; path = luaspec.lua; sourceTree = "<group>"; };
		E8D06FBA186043C100A8E788 /* repl.lua */ = {isa = PBXFileReference; fileEncoding = 4; lastKnownFileType = text; path = repl.lua; sourceTree = "<group>"; };
		E8D06FBB186043C100A8E788 /* structs.lua */ = {isa = PBXFileReference; fileEncoding = 4; lastKnownFileType = text; path = structs.lua; sourceTree = "<group>"; };
		E8D06FBC186043C100A8E788 /* waxClass.lua */ = {isa = PBXFileReference; fileEncoding = 4; lastKnownFileType = text; path = waxClass.lua; sourceTree = "<group>"; };
		E8D06FBD186043C100A8E788 /* wax.h */ = {isa = PBXFileReference; fileEncoding = 4; lastKnownFileType = sourcecode.c.h; path = wax.h; sourceTree = "<group>"; };
		E8D06FBE186043C100A8E788 /* wax.m */ = {isa = PBXFileReference; fileEncoding = 4; lastKnownFileType = sourcecode.c.objc; path = wax.m; sourceTree = "<group>"; };
		E8D06FBF186043C100A8E788 /* wax_class.h */ = {isa = PBXFileReference; fileEncoding = 4; lastKnownFileType = sourcecode.c.h; path = wax_class.h; sourceTree = "<group>"; };
		E8D06FC0186043C100A8E788 /* wax_class.m */ = {isa = PBXFileReference; fileEncoding = 4; lastKnownFileType = sourcecode.c.objc; path = wax_class.m; sourceTree = "<group>"; };
		E8D06FC1186043C100A8E788 /* wax_gc.h */ = {isa = PBXFileReference; fileEncoding = 4; lastKnownFileType = sourcecode.c.h; path = wax_gc.h; sourceTree = "<group>"; };
		E8D06FC2186043C100A8E788 /* wax_gc.m */ = {isa = PBXFileReference; fileEncoding = 4; lastKnownFileType = sourcecode.c.objc; path = wax_gc.m; sourceTree = "<group>"; };
		E8D06FC3186043C100A8E788 /* wax_helpers.h */ = {isa = PBXFileReference; fileEncoding = 4; lastKnownFileType = sourcecode.c.h; path = wax_helpers.h; sourceTree = "<group>"; };
		E8D06FC4186043C100A8E788 /* wax_helpers.m */ = {isa = PBXFileReference; fileEncoding = 4; lastKnownFileType = sourcecode.c.objc; path = wax_helpers.m; sourceTree = "<group>"; };
		E8D06FC5186043C100A8E788 /* wax_instance.h */ = {isa = PBXFileReference; fileEncoding = 4; lastKnownFileType = sourcecode.c.h; path = wax_instance.h; sourceTree = "<group>"; };
		E8D06FC6186043C100A8E788 /* wax_instance.m */ = {isa = PBXFileReference; fileEncoding = 4; lastKnownFileType = sourcecode.c.objc; path = wax_instance.m; sourceTree = "<group>"; };
		E8D06FC7186043C100A8E788 /* wax_server.h */ = {isa = PBXFileReference; fileEncoding = 4; lastKnownFileType = sourcecode.c.h; path = wax_server.h; sourceTree = "<group>"; };
		E8D06FC8186043C100A8E788 /* wax_server.m */ = {isa = PBXFileReference; fileEncoding = 4; lastKnownFileType = sourcecode.c.objc; path = wax_server.m; sourceTree = "<group>"; };
		E8D06FC9186043C100A8E788 /* wax_stdlib.h */ = {isa = PBXFileReference; fileEncoding = 4; lastKnownFileType = sourcecode.c.h; path = wax_stdlib.h; sourceTree = "<group>"; };
		E8D06FCA186043C100A8E788 /* wax_struct.h */ = {isa = PBXFileReference; fileEncoding = 4; lastKnownFileType = sourcecode.c.h; path = wax_struct.h; sourceTree = "<group>"; };
		E8D06FCB186043C100A8E788 /* wax_struct.m */ = {isa = PBXFileReference; fileEncoding = 4; lastKnownFileType = sourcecode.c.objc; path = wax_struct.m; sourceTree = "<group>"; };
		E8D070361860473C00A8E788 /* ProtocolLoader.h */ = {isa = PBXFileReference; fileEncoding = 4; lastKnownFileType = sourcecode.c.h; path = ProtocolLoader.h; sourceTree = "<group>"; };
		E8D4E6D01857495B00CBB35A /* Reachability.h */ = {isa = PBXFileReference; fileEncoding = 4; lastKnownFileType = sourcecode.c.h; path = Reachability.h; sourceTree = "<group>"; };
		E8D4E6D11857495B00CBB35A /* Reachability.m */ = {isa = PBXFileReference; fileEncoding = 4; lastKnownFileType = sourcecode.c.objc; path = Reachability.m; sourceTree = "<group>"; };
		E8E03BD217E34A98002546C3 /* DatabaseOperation.h */ = {isa = PBXFileReference; fileEncoding = 4; lastKnownFileType = sourcecode.c.h; path = DatabaseOperation.h; sourceTree = "<group>"; };
		E8E03BD317E34A98002546C3 /* DatabaseOperation.m */ = {isa = PBXFileReference; fileEncoding = 4; lastKnownFileType = sourcecode.c.objc; path = DatabaseOperation.m; sourceTree = "<group>"; };
		E8E03BD717E6B1AB002546C3 /* SHCacheManager.h */ = {isa = PBXFileReference; fileEncoding = 4; lastKnownFileType = sourcecode.c.h; path = SHCacheManager.h; sourceTree = "<group>"; };
		E8E03BD817E6B1AB002546C3 /* SHCacheManager.m */ = {isa = PBXFileReference; fileEncoding = 4; lastKnownFileType = sourcecode.c.objc; path = SHCacheManager.m; sourceTree = "<group>"; };
		E8E03BDD17E6B4BB002546C3 /* libsqlite3.dylib */ = {isa = PBXFileReference; lastKnownFileType = "compiled.mach-o.dylib"; name = libsqlite3.dylib; path = usr/lib/libsqlite3.dylib; sourceTree = SDKROOT; };
/* End PBXFileReference section */

/* Begin PBXFrameworksBuildPhase section */
		E8080DA617BF84CE006B68EB /* Frameworks */ = {
			isa = PBXFrameworksBuildPhase;
			buildActionMask = 2147483647;
			files = (
				E8329E0C1855CD0C00D40DAF /* Security.framework in Frameworks */,
				E84AB7291855B8FF005538A5 /* CoreTelephony.framework in Frameworks */,
				E8E03BDE17E6B4BB002546C3 /* libsqlite3.dylib in Frameworks */,
				E87F0A1E17E2A623009E57E8 /* UIKit.framework in Frameworks */,
				E8080DAD17BF84CE006B68EB /* Foundation.framework in Frameworks */,
			);
			runOnlyForDeploymentPostprocessing = 0;
		};
/* End PBXFrameworksBuildPhase section */

/* Begin PBXGroup section */
		9EA09A19185840AA0000A7A3 /* log */ = {
			isa = PBXGroup;
			children = (
				9EA09A1A185840BB0000A7A3 /* SHLogger.h */,
				9EA09A1B185840BB0000A7A3 /* SHLogger.m */,
			);
			path = log;
			sourceTree = "<group>";
		};
		E8080DA017BF84CE006B68EB = {
			isa = PBXGroup;
			children = (
				E8080DAE17BF84CE006B68EB /* Core */,
				E8080DC317BF84CE006B68EB /* CoreTests */,
				E8080DAB17BF84CE006B68EB /* Frameworks */,
				E8080DAA17BF84CE006B68EB /* Products */,
			);
			sourceTree = "<group>";
		};
		E8080DAA17BF84CE006B68EB /* Products */ = {
			isa = PBXGroup;
			children = (
				E8080DA917BF84CE006B68EB /* libCore.a */,
			);
			name = Products;
			sourceTree = "<group>";
		};
		E8080DAB17BF84CE006B68EB /* Frameworks */ = {
			isa = PBXGroup;
			children = (
				E8329E0B1855CD0C00D40DAF /* Security.framework */,
				E84AB7281855B8FF005538A5 /* CoreTelephony.framework */,
				E8E03BDD17E6B4BB002546C3 /* libsqlite3.dylib */,
				E87F0A1D17E2A623009E57E8 /* UIKit.framework */,
				E8080DAC17BF84CE006B68EB /* Foundation.framework */,
				E8080DBB17BF84CE006B68EB /* SenTestingKit.framework */,
			);
			name = Frameworks;
			sourceTree = "<group>";
		};
		E8080DAE17BF84CE006B68EB /* Core */ = {
			isa = PBXGroup;
			children = (
				E8080DB117BF84CE006B68EB /* Core.h */,
				E8D06F35186043C100A8E788 /* wax */,
				E83E17DC1856E9FC001E29D3 /* flow */,
				E84AB71F1855B64A005538A5 /* privateapi */,
				E827F8E6181F8B5D00389134 /* user */,
				E858D6611803B28F0071DA24 /* update */,
				9EA09A19185840AA0000A7A3 /* log */,
				E887F78917F284CF00871292 /* crash */,
				E8E03BD617E6B183002546C3 /* cache */,
				E8E03BD117E34A87002546C3 /* database */,
				E8080E2317BF8E74006B68EB /* obj */,
				E8080E2017BF8E5C006B68EB /* extra */,
				E8080E2117BF8E5C006B68EB /* net */,
				E8080E2217BF8E5C006B68EB /* tool */,
				E8080DAF17BF84CE006B68EB /* Supporting Files */,
			);
			path = Core;
			sourceTree = "<group>";
		};
		E8080DAF17BF84CE006B68EB /* Supporting Files */ = {
			isa = PBXGroup;
			children = (
				E8080DB017BF84CE006B68EB /* Core-Prefix.pch */,
			);
			name = "Supporting Files";
			sourceTree = "<group>";
		};
		E8080DC317BF84CE006B68EB /* CoreTests */ = {
			isa = PBXGroup;
			children = (
				E8080DC917BF84CE006B68EB /* CoreTests.h */,
				E8080DCA17BF84CE006B68EB /* CoreTests.m */,
				E8080DC417BF84CE006B68EB /* Supporting Files */,
			);
			path = CoreTests;
			sourceTree = "<group>";
		};
		E8080DC417BF84CE006B68EB /* Supporting Files */ = {
			isa = PBXGroup;
			children = (
				E8080DC517BF84CE006B68EB /* CoreTests-Info.plist */,
				E8080DC617BF84CE006B68EB /* InfoPlist.strings */,
			);
			name = "Supporting Files";
			sourceTree = "<group>";
		};
		E8080E2017BF8E5C006B68EB /* extra */ = {
			isa = PBXGroup;
			children = (
				E81E442B18179A1000EA9090 /* NSData+AES.h */,
				E8D4E6D01857495B00CBB35A /* Reachability.h */,
				E8D4E6D11857495B00CBB35A /* Reachability.m */,
				E81E442C18179A1000EA9090 /* NSData+AES.m */,
				E81E442D18179A1000EA9090 /* NSString+MD5.h */,
				E81E442E18179A1000EA9090 /* NSString+MD5.m */,
				E887F79717F422A000871292 /* Base64.h */,
				E887F79817F422A000871292 /* Base64.m */,
				E87F0A1717E2A3DB009E57E8 /* Respinfo.h */,
				E87F0A1817E2A3DB009E57E8 /* Respinfo.m */,
				E887F79117F2AD8500871292 /* FileManager.h */,
				E887F79217F2AD8500871292 /* FileManager.m */,
				E8B8412317D6FB31006A0291 /* NVSkin.m */,
				E8B8412117D6FB26006A0291 /* NVSkin.h */,
				E87F0A0D17E1FEF3009E57E8 /* Entironment.h */,
				E87F0A0E17E1FEF3009E57E8 /* Entironment.m */,
				E85F008F17EE9A2200F9F02C /* SHIIOSVersion.h */,
				E85F009017EE9A2200F9F02C /* SHIIOSVersion.m */,
				E887F78517F1C88B00871292 /* Identication.h */,
				E887F78617F1C88B00871292 /* Identication.m */,
			);
			path = extra;
			sourceTree = "<group>";
		};
		E8080E2117BF8E5C006B68EB /* net */ = {
			isa = PBXGroup;
			children = (
				E8B41BAD180CE7A500069506 /* SHAnalyzeFactory.h */,
				E8B41BAE180CE7A500069506 /* SHAnalyzeFactory.m */,
				E8080E2717BF8EAD006B68EB /* SHTask.h */,
				E8080E2817BF8EAD006B68EB /* SHTask.m */,
				E8080E2A17BF907E006B68EB /* SHPostTask.h */,
				E8080E2B17BF907E006B68EB /* SHPostTask.m */,
				E87F0A0717E16757009E57E8 /* SHPostTaskM.h */,
				E87F0A0817E16757009E57E8 /* SHPostTaskM.m */,
				E8BDF6401863EC9600AC9B82 /* SHHttpTask.h */,
				E8BDF6411863EC9600AC9B82 /* SHHttpTask.m */,
				E8BDF6441863ED0D00AC9B82 /* SHHttpTaskM.h */,
				E8BDF6451863ED0D00AC9B82 /* SHHttpTaskM.m */,
			);
			path = net;
			sourceTree = "<group>";
		};
		E8080E2217BF8E5C006B68EB /* tool */ = {
			isa = PBXGroup;
			children = (
				E81A41B21808F62B00D9B399 /* JSONKit */,
				E81A41AD1808F60900D9B399 /* xml */,
				E86840211823530C00938464 /* SHTools.h */,
				E86840221823530C00938464 /* SHTools.m */,
				E86840261823810B00938464 /* IPAddress.h */,
				E86840271823810B00938464 /* IPAddress.m */,
			);
			path = tool;
			sourceTree = "<group>";
		};
		E8080E2317BF8E74006B68EB /* obj */ = {
			isa = PBXGroup;
			children = (
				E8080E2417BF8E99006B68EB /* SHObject.h */,
				E8080E2517BF8E99006B68EB /* SHObject.m */,
				E8B41BB1180D0B1700069506 /* SHFuck.h */,
				E8B41BB2180D0B1700069506 /* SHFuck.m */,
			);
			path = obj;
			sourceTree = "<group>";
		};
		E81A41AD1808F60900D9B399 /* xml */ = {
			isa = PBXGroup;
			children = (
				E81A41AE1808F62200D9B399 /* GDataXMLNode.h */,
				E81A41AF1808F62200D9B399 /* GDataXMLNode.m */,
			);
			path = xml;
			sourceTree = "<group>";
		};
		E81A41B21808F62B00D9B399 /* JSONKit */ = {
			isa = PBXGroup;
			children = (
				E81A41B31808F62B00D9B399 /* CHANGELOG.md */,
				E81A41B41808F62B00D9B399 /* JSONKit.h */,
				E81A41B51808F62B00D9B399 /* JSONKit.m */,
				E81A41B61808F62B00D9B399 /* README.md */,
			);
			path = JSONKit;
			sourceTree = "<group>";
		};
		E827F8E6181F8B5D00389134 /* user */ = {
			isa = PBXGroup;
			children = (
				E827F8E7181F8B7000389134 /* SHUser.h */,
				E827F8E8181F8B7000389134 /* SHUser.m */,
			);
			path = user;
			sourceTree = "<group>";
		};
		E83E17DC1856E9FC001E29D3 /* flow */ = {
			isa = PBXGroup;
			children = (
				E83E17DD1856EA12001E29D3 /* SHFlowManager.h */,
				E83E17DE1856EA12001E29D3 /* SHFlowManager.m */,
			);
			path = flow;
			sourceTree = "<group>";
		};
		E84AB71F1855B64A005538A5 /* privateapi */ = {
			isa = PBXGroup;
			children = (
				E84AB7201855B680005538A5 /* SHPrivateAPI.h */,
				E84AB7211855B680005538A5 /* SHPrivateAPI.m */,
			);
			path = privateapi;
			sourceTree = "<group>";
		};
		E858D6611803B28F0071DA24 /* update */ = {
			isa = PBXGroup;
			children = (
				E858D6621803B28F0071DA24 /* SHConfigManager.h */,
				E858D6631803B28F0071DA24 /* SHConfigManager.m */,
				E858D6641803B28F0071DA24 /* SHVersion.h */,
				E858D6651803B28F0071DA24 /* SHVersion.m */,
			);
			path = update;
			sourceTree = "<group>";
		};
		E887F78917F284CF00871292 /* crash */ = {
			isa = PBXGroup;
			children = (
				E887F78B17F284EE00871292 /* SHCrashManager.h */,
				E887F78C17F284EE00871292 /* SHCrashManager.m */,
			);
			path = crash;
			sourceTree = "<group>";
		};
		E8D06F35186043C100A8E788 /* wax */ = {
			isa = PBXGroup;
			children = (
				E8D070361860473C00A8E788 /* ProtocolLoader.h */,
				E8D06F36186043C100A8E788 /* build-scripts */,
				E8D06F3A186043C100A8E788 /* extensions */,
				E8D06F6B186043C100A8E788 /* lua */,
				E8D06FA1186043C100A8E788 /* project.rake */,
				E8D06FA2186043C100A8E788 /* stdlib */,
				E8D06FBD186043C100A8E788 /* wax.h */,
				E8D06FBE186043C100A8E788 /* wax.m */,
				E8D06FBF186043C100A8E788 /* wax_class.h */,
				E8D06FC0186043C100A8E788 /* wax_class.m */,
				E8D06FC1186043C100A8E788 /* wax_gc.h */,
				E8D06FC2186043C100A8E788 /* wax_gc.m */,
				E8D06FC3186043C100A8E788 /* wax_helpers.h */,
				E8D06FC4186043C100A8E788 /* wax_helpers.m */,
				E8D06FC5186043C100A8E788 /* wax_instance.h */,
				E8D06FC6186043C100A8E788 /* wax_instance.m */,
				E8D06FC7186043C100A8E788 /* wax_server.h */,
				E8D06FC8186043C100A8E788 /* wax_server.m */,
				E8D06FC9186043C100A8E788 /* wax_stdlib.h */,
				E8D06FCA186043C100A8E788 /* wax_struct.h */,
				E8D06FCB186043C100A8E788 /* wax_struct.m */,
			);
			path = wax;
			sourceTree = "<group>";
		};
		E8D06F36186043C100A8E788 /* build-scripts */ = {
			isa = PBXGroup;
			children = (
				E8D06F37186043C100A8E788 /* compile-stdlib.sh */,
				E8D06F38186043C100A8E788 /* copy-scripts.sh */,
				E8D06F39186043C100A8E788 /* luac.lua */,
			);
			path = "build-scripts";
			sourceTree = "<group>";
		};
		E8D06F3A186043C100A8E788 /* extensions */ = {
			isa = PBXGroup;
			children = (
				E8D06F3B186043C100A8E788 /* CGAffine */,
				E8D06F3E186043C100A8E788 /* CGContext */,
				E8D06F41186043C100A8E788 /* filesystem */,
				E8D06F44186043C100A8E788 /* HTTP */,
				E8D06F49186043C100A8E788 /* json */,
				E8D06F63186043C100A8E788 /* SQLite */,
				E8D06F68186043C100A8E788 /* xml */,
			);
			path = extensions;
			sourceTree = "<group>";
		};
		E8D06F3B186043C100A8E788 /* CGAffine */ = {
			isa = PBXGroup;
			children = (
				E8D06F3C186043C100A8E788 /* wax_CGTransform.h */,
				E8D06F3D186043C100A8E788 /* wax_CGTransform.m */,
			);
			path = CGAffine;
			sourceTree = "<group>";
		};
		E8D06F3E186043C100A8E788 /* CGContext */ = {
			isa = PBXGroup;
			children = (
				E8D06F3F186043C100A8E788 /* wax_CGContext.h */,
				E8D06F40186043C100A8E788 /* wax_CGContext.m */,
			);
			path = CGContext;
			sourceTree = "<group>";
		};
		E8D06F41186043C100A8E788 /* filesystem */ = {
			isa = PBXGroup;
			children = (
				E8D06F42186043C100A8E788 /* wax_filesystem.h */,
				E8D06F43186043C100A8E788 /* wax_filesystem.m */,
			);
			path = filesystem;
			sourceTree = "<group>";
		};
		E8D06F44186043C100A8E788 /* HTTP */ = {
			isa = PBXGroup;
			children = (
				E8D06F45186043C100A8E788 /* wax_http.h */,
				E8D06F46186043C100A8E788 /* wax_http.m */,
				E8D06F47186043C100A8E788 /* wax_http_connection.h */,
				E8D06F48186043C100A8E788 /* wax_http_connection.m */,
			);
			path = HTTP;
			sourceTree = "<group>";
		};
		E8D06F49186043C100A8E788 /* json */ = {
			isa = PBXGroup;
			children = (
				E8D06F4A186043C100A8E788 /* Rakefile */,
				E8D06F4B186043C100A8E788 /* wax_json.c */,
				E8D06F4C186043C100A8E788 /* wax_json.h */,
				E8D06F4D186043C100A8E788 /* yajl */,
				E8D06F62186043C100A8E788 /* yajl-1.0.9.tar.gz */,
			);
			path = json;
			sourceTree = "<group>";
		};
		E8D06F4D186043C100A8E788 /* yajl */ = {
			isa = PBXGroup;
			children = (
				E8D06F4E186043C100A8E788 /* api */,
				E8D06F52186043C100A8E788 /* yajl.c */,
				E8D06F53186043C100A8E788 /* yajl_alloc.c */,
				E8D06F54186043C100A8E788 /* yajl_alloc.h */,
				E8D06F55186043C100A8E788 /* yajl_buf.c */,
				E8D06F56186043C100A8E788 /* yajl_buf.h */,
				E8D06F57186043C100A8E788 /* yajl_bytestack.h */,
				E8D06F58186043C100A8E788 /* yajl_common.h */,
				E8D06F59186043C100A8E788 /* yajl_encode.c */,
				E8D06F5A186043C100A8E788 /* yajl_encode.h */,
				E8D06F5B186043C100A8E788 /* yajl_gen.c */,
				E8D06F5C186043C100A8E788 /* yajl_gen.h */,
				E8D06F5D186043C100A8E788 /* yajl_lex.c */,
				E8D06F5E186043C100A8E788 /* yajl_lex.h */,
				E8D06F5F186043C100A8E788 /* yajl_parse.h */,
				E8D06F60186043C100A8E788 /* yajl_parser.c */,
				E8D06F61186043C100A8E788 /* yajl_parser.h */,
			);
			path = yajl;
			sourceTree = "<group>";
		};
		E8D06F4E186043C100A8E788 /* api */ = {
			isa = PBXGroup;
			children = (
				E8D06F4F186043C100A8E788 /* yajl_common.h */,
				E8D06F50186043C100A8E788 /* yajl_gen.h */,
				E8D06F51186043C100A8E788 /* yajl_parse.h */,
			);
			path = api;
			sourceTree = "<group>";
		};
		E8D06F63186043C100A8E788 /* SQLite */ = {
			isa = PBXGroup;
			children = (
				E8D06F64186043C100A8E788 /* wax_sqlite.h */,
				E8D06F65186043C100A8E788 /* wax_sqlite.m */,
				E8D06F66186043C100A8E788 /* wax_sqlite_operation.h */,
				E8D06F67186043C100A8E788 /* wax_sqlite_operation.m */,
			);
			path = SQLite;
			sourceTree = "<group>";
		};
		E8D06F68186043C100A8E788 /* xml */ = {
			isa = PBXGroup;
			children = (
				E8D06F69186043C100A8E788 /* wax_xml.h */,
				E8D06F6A186043C100A8E788 /* wax_xml.m */,
			);
			path = xml;
			sourceTree = "<group>";
		};
		E8D06F6B186043C100A8E788 /* lua */ = {
			isa = PBXGroup;
			children = (
				E8D06F6C186043C100A8E788 /* lapi.c */,
				E8D06F6D186043C100A8E788 /* lapi.h */,
				E8D06F6E186043C100A8E788 /* lauxlib.c */,
				E8D06F6F186043C100A8E788 /* lauxlib.h */,
				E8D06F70186043C100A8E788 /* lbaselib.c */,
				E8D06F71186043C100A8E788 /* lcode.c */,
				E8D06F72186043C100A8E788 /* lcode.h */,
				E8D06F73186043C100A8E788 /* ldblib.c */,
				E8D06F74186043C100A8E788 /* ldebug.c */,
				E8D06F75186043C100A8E788 /* ldebug.h */,
				E8D06F76186043C100A8E788 /* ldo.c */,
				E8D06F77186043C100A8E788 /* ldo.h */,
				E8D06F78186043C100A8E788 /* ldump.c */,
				E8D06F79186043C100A8E788 /* lfunc.c */,
				E8D06F7A186043C100A8E788 /* lfunc.h */,
				E8D06F7B186043C100A8E788 /* lgc.c */,
				E8D06F7C186043C100A8E788 /* lgc.h */,
				E8D06F7D186043C100A8E788 /* linit.c */,
				E8D06F7E186043C100A8E788 /* liolib.c */,
				E8D06F7F186043C100A8E788 /* llex.c */,
				E8D06F80186043C100A8E788 /* llex.h */,
				E8D06F81186043C100A8E788 /* llimits.h */,
				E8D06F82186043C100A8E788 /* lmathlib.c */,
				E8D06F83186043C100A8E788 /* lmem.c */,
				E8D06F84186043C100A8E788 /* lmem.h */,
				E8D06F85186043C100A8E788 /* loadlib.c */,
				E8D06F86186043C100A8E788 /* lobject.c */,
				E8D06F87186043C100A8E788 /* lobject.h */,
				E8D06F88186043C100A8E788 /* lopcodes.c */,
				E8D06F89186043C100A8E788 /* lopcodes.h */,
				E8D06F8A186043C100A8E788 /* loslib.c */,
				E8D06F8B186043C100A8E788 /* lparser.c */,
				E8D06F8C186043C100A8E788 /* lparser.h */,
				E8D06F8D186043C100A8E788 /* lstate.c */,
				E8D06F8E186043C100A8E788 /* lstate.h */,
				E8D06F8F186043C100A8E788 /* lstring.c */,
				E8D06F90186043C100A8E788 /* lstring.h */,
				E8D06F91186043C100A8E788 /* lstrlib.c */,
				E8D06F92186043C100A8E788 /* ltable.c */,
				E8D06F93186043C100A8E788 /* ltable.h */,
				E8D06F94186043C100A8E788 /* ltablib.c */,
				E8D06F95186043C100A8E788 /* ltm.c */,
				E8D06F96186043C100A8E788 /* ltm.h */,
				E8D06F97186043C100A8E788 /* lua.h */,
				E8D06F98186043C100A8E788 /* luaconf.h */,
				E8D06F99186043C100A8E788 /* lualib.h */,
				E8D06F9A186043C100A8E788 /* lundump.c */,
				E8D06F9B186043C100A8E788 /* lundump.h */,
				E8D06F9C186043C100A8E788 /* lvm.c */,
				E8D06F9D186043C100A8E788 /* lvm.h */,
				E8D06F9E186043C100A8E788 /* lzio.c */,
				E8D06F9F186043C100A8E788 /* lzio.h */,
				E8D06FA0186043C100A8E788 /* print.c */,
			);
			path = lua;
			sourceTree = "<group>";
		};
		E8D06FA2186043C100A8E788 /* stdlib */ = {
			isa = PBXGroup;
			children = (
				E8D06FA3186043C100A8E788 /* enums.lua */,
				E8D06FA4186043C100A8E788 /* ext */,
				E8D06FAA186043C100A8E788 /* helpers */,
				E8D06FB5186043C100A8E788 /* init.lua */,
				E8D06FB6186043C100A8E788 /* luaspec */,
				E8D06FBA186043C100A8E788 /* repl.lua */,
				E8D06FBB186043C100A8E788 /* structs.lua */,
				E8D06FBC186043C100A8E788 /* waxClass.lua */,
			);
			path = stdlib;
			sourceTree = "<group>";
		};
		E8D06FA4186043C100A8E788 /* ext */ = {
			isa = PBXGroup;
			children = (
				E8D06FA5186043C100A8E788 /* http.lua */,
				E8D06FA6186043C100A8E788 /* init.lua */,
				E8D06FA7186043C100A8E788 /* number.lua */,
				E8D06FA8186043C100A8E788 /* string.lua */,
				E8D06FA9186043C100A8E788 /* table.lua */,
			);
			path = ext;
			sourceTree = "<group>";
		};
		E8D06FAA186043C100A8E788 /* helpers */ = {
			isa = PBXGroup;
			children = (
				E8D06FAB186043C100A8E788 /* autoload.lua */,
				E8D06FAC186043C100A8E788 /* base64.lua */,
				E8D06FAD186043C100A8E788 /* bit.lua */,
				E8D06FAE186043C100A8E788 /* cache.lua */,
				E8D06FAF186043C100A8E788 /* callback.lua */,
				E8D06FB0186043C100A8E788 /* frame.lua */,
				E8D06FB1186043C100A8E788 /* init.lua */,
				E8D06FB2186043C100A8E788 /* pickView.lua */,
				E8D06FB3186043C100A8E788 /* time.lua */,
				E8D06FB4186043C100A8E788 /* WaxServer.lua */,
			);
			path = helpers;
			sourceTree = "<group>";
		};
		E8D06FB6186043C100A8E788 /* luaspec */ = {
			isa = PBXGroup;
			children = (
				E8D06FB7186043C100A8E788 /* init.lua */,
				E8D06FB8186043C100A8E788 /* luamock.lua */,
				E8D06FB9186043C100A8E788 /* luaspec.lua */,
			);
			path = luaspec;
			sourceTree = "<group>";
		};
		E8E03BD117E34A87002546C3 /* database */ = {
			isa = PBXGroup;
			children = (
				E8E03BD217E34A98002546C3 /* DatabaseOperation.h */,
				E8E03BD317E34A98002546C3 /* DatabaseOperation.m */,
			);
			path = database;
			sourceTree = "<group>";
		};
		E8E03BD617E6B183002546C3 /* cache */ = {
			isa = PBXGroup;
			children = (
				E8E03BD717E6B1AB002546C3 /* SHCacheManager.h */,
				E8E03BD817E6B1AB002546C3 /* SHCacheManager.m */,
			);
			path = cache;
			sourceTree = "<group>";
		};
/* End PBXGroup section */

/* Begin PBXHeadersBuildPhase section */
		E804CEC717D60EF600184538 /* Headers */ = {
			isa = PBXHeadersBuildPhase;
			buildActionMask = 2147483647;
			files = (
				E8D06FE8186043C100A8E788 /* yajl_parse.h in Headers */,
				E8D06FED186043C100A8E788 /* wax_sqlite_operation.h in Headers */,
				E8D0702E186043C100A8E788 /* wax_instance.h in Headers */,
				E87F0A0917E16757009E57E8 /* SHPostTaskM.h in Headers */,
				E827F8E9181F8B7000389134 /* SHUser.h in Headers */,
				E81E443418179A1000EA9090 /* NSData+AES.h in Headers */,
				E8D06FD7186043C100A8E788 /* wax_json.h in Headers */,
				E8D4E6D21857495B00CBB35A /* Reachability.h in Headers */,
				E8D0701D186043C100A8E788 /* luaconf.h in Headers */,
				E8D06FFA186043C100A8E788 /* ldebug.h in Headers */,
				E8D07030186043C100A8E788 /* wax_server.h in Headers */,
				E8D0701E186043C100A8E788 /* lualib.h in Headers */,
				E81E443618179A1000EA9090 /* NSString+MD5.h in Headers */,
				E8D06FEA186043C100A8E788 /* yajl_parser.h in Headers */,
				E86840231823530C00938464 /* SHTools.h in Headers */,
				E8D0700E186043C100A8E788 /* lopcodes.h in Headers */,
				E8D0701C186043C100A8E788 /* lua.h in Headers */,
				E887F79917F422A000871292 /* Base64.h in Headers */,
				E8D06FE7186043C100A8E788 /* yajl_lex.h in Headers */,
				E8D07006186043C100A8E788 /* llimits.h in Headers */,
				E8BDF6421863EC9600AC9B82 /* SHHttpTask.h in Headers */,
				E8D07013186043C100A8E788 /* lstate.h in Headers */,
				E8D06FD4186043C100A8E788 /* wax_http_connection.h in Headers */,
				E8D06FD9186043C100A8E788 /* yajl_gen.h in Headers */,
				E8D0701B186043C100A8E788 /* ltm.h in Headers */,
				E87F0A0F17E1FEF4009E57E8 /* Entironment.h in Headers */,
				E8B41BAF180CE7A500069506 /* SHAnalyzeFactory.h in Headers */,
				E8D0700C186043C100A8E788 /* lobject.h in Headers */,
				E8D06FCC186043C100A8E788 /* wax_CGTransform.h in Headers */,
				E8D070371860473C00A8E788 /* ProtocolLoader.h in Headers */,
				E8BDF6461863ED0D00AC9B82 /* SHHttpTaskM.h in Headers */,
				E8D06FFF186043C100A8E788 /* lfunc.h in Headers */,
				E8D07009186043C100A8E788 /* lmem.h in Headers */,
				E8D07028186043C100A8E788 /* wax_class.h in Headers */,
				E8D07020186043C100A8E788 /* lundump.h in Headers */,
				E858D6661803B28F0071DA24 /* SHConfigManager.h in Headers */,
				E8D06FDD186043C100A8E788 /* yajl_alloc.h in Headers */,
				E8D06FDA186043C100A8E788 /* yajl_parse.h in Headers */,
				E8D06FEF186043C100A8E788 /* wax_xml.h in Headers */,
				E887F79317F2AD8500871292 /* FileManager.h in Headers */,
				9E33DB1918584F5B008C61AC /* SHLogger.h in Headers */,
				E8D07001186043C100A8E788 /* lgc.h in Headers */,
				E8D06FE3186043C100A8E788 /* yajl_encode.h in Headers */,
				E81A41B01808F62200D9B399 /* GDataXMLNode.h in Headers */,
				9E2EDD2F18580B2B00F8F591 /* SHFuck.h in Headers */,
				E8D06FD2186043C100A8E788 /* wax_http.h in Headers */,
				E8D06FF4186043C100A8E788 /* lauxlib.h in Headers */,
				E8D06FCE186043C100A8E788 /* wax_CGContext.h in Headers */,
				E85F009117EE9A2200F9F02C /* SHIIOSVersion.h in Headers */,
				E87F0A1917E2A3DC009E57E8 /* Respinfo.h in Headers */,
				E8E03BD417E34A98002546C3 /* DatabaseOperation.h in Headers */,
				E887F78D17F284EE00871292 /* SHCrashManager.h in Headers */,
				E8D07018186043C100A8E788 /* ltable.h in Headers */,
				E8D06FFC186043C100A8E788 /* ldo.h in Headers */,
				E8D07026186043C100A8E788 /* wax.h in Headers */,
				E8D07005186043C100A8E788 /* llex.h in Headers */,
				E8D06FF2186043C100A8E788 /* lapi.h in Headers */,
				E8D07024186043C100A8E788 /* lzio.h in Headers */,
				E86840281823810B00938464 /* IPAddress.h in Headers */,
				E8D07022186043C100A8E788 /* lvm.h in Headers */,
				E84AB7221855B680005538A5 /* SHPrivateAPI.h in Headers */,
				E8D06FF7186043C100A8E788 /* lcode.h in Headers */,
				E8D06FE5186043C100A8E788 /* yajl_gen.h in Headers */,
				E8D06FDF186043C100A8E788 /* yajl_buf.h in Headers */,
				E8D06FD8186043C100A8E788 /* yajl_common.h in Headers */,
				E887F78717F1C88B00871292 /* Identication.h in Headers */,
				E8D06FEB186043C100A8E788 /* wax_sqlite.h in Headers */,
				E8D06FD0186043C100A8E788 /* wax_filesystem.h in Headers */,
				E858D6681803B28F0071DA24 /* SHVersion.h in Headers */,
				E8D07032186043C100A8E788 /* wax_stdlib.h in Headers */,
				E8D06FE1186043C100A8E788 /* yajl_common.h in Headers */,
				E8E03BD917E6B1AB002546C3 /* SHCacheManager.h in Headers */,
				E83E17DF1856EA12001E29D3 /* SHFlowManager.h in Headers */,
				E8D07033186043C100A8E788 /* wax_struct.h in Headers */,
				E8D0702A186043C100A8E788 /* wax_gc.h in Headers */,
				E8D07011186043C100A8E788 /* lparser.h in Headers */,
				E8D0702C186043C100A8E788 /* wax_helpers.h in Headers */,
				E8D07015186043C100A8E788 /* lstring.h in Headers */,
				E8D06FE0186043C100A8E788 /* yajl_bytestack.h in Headers */,
			);
			runOnlyForDeploymentPostprocessing = 0;
		};
/* End PBXHeadersBuildPhase section */

/* Begin PBXNativeTarget section */
		E8080DA817BF84CE006B68EB /* Core */ = {
			isa = PBXNativeTarget;
			buildConfigurationList = E8080DCE17BF84CE006B68EB /* Build configuration list for PBXNativeTarget "Core" */;
			buildPhases = (
				E8080DA517BF84CE006B68EB /* Sources */,
				E8080DA617BF84CE006B68EB /* Frameworks */,
				E8080DA717BF84CE006B68EB /* Copy Files */,
				E804CEC717D60EF600184538 /* Headers */,
			);
			buildRules = (
			);
			dependencies = (
			);
			name = Core;
			productName = Core;
			productReference = E8080DA917BF84CE006B68EB /* libCore.a */;
			productType = "com.apple.product-type.library.static";
		};
/* End PBXNativeTarget section */

/* Begin PBXProject section */
		E8080DA117BF84CE006B68EB /* Project object */ = {
			isa = PBXProject;
			attributes = {
				LastUpgradeCheck = 0460;
				ORGANIZATIONNAME = zywang;
			};
			buildConfigurationList = E8080DA417BF84CE006B68EB /* Build configuration list for PBXProject "Core" */;
			compatibilityVersion = "Xcode 3.2";
			developmentRegion = English;
			hasScannedForEncodings = 0;
			knownRegions = (
				en,
			);
			mainGroup = E8080DA017BF84CE006B68EB;
			productRefGroup = E8080DAA17BF84CE006B68EB /* Products */;
			projectDirPath = "";
			projectRoot = "";
			targets = (
				E8080DA817BF84CE006B68EB /* Core */,
			);
		};
/* End PBXProject section */

/* Begin PBXSourcesBuildPhase section */
		E8080DA517BF84CE006B68EB /* Sources */ = {
			isa = PBXSourcesBuildPhase;
			buildActionMask = 2147483647;
			files = (
				E8D07017186043C100A8E788 /* ltable.c in Sources */,
				E8D06FFE186043C100A8E788 /* lfunc.c in Sources */,
				E8D06FF6186043C100A8E788 /* lcode.c in Sources */,
				E8D07004186043C100A8E788 /* llex.c in Sources */,
				E8D0700A186043C100A8E788 /* loadlib.c in Sources */,
				E8D06FF3186043C100A8E788 /* lauxlib.c in Sources */,
				E8D06FCF186043C100A8E788 /* wax_CGContext.m in Sources */,
				E8D0701A186043C100A8E788 /* ltm.c in Sources */,
				E8D06FE2186043C100A8E788 /* yajl_encode.c in Sources */,
				E8C835B1180D0F8600F88A3E /* SHFuck.h in Sources */,
				E8D07007186043C100A8E788 /* lmathlib.c in Sources */,
				E887F78817F1C88B00871292 /* Identication.m in Sources */,
				E8D06FD6186043C100A8E788 /* wax_json.c in Sources */,
				E8D0702F186043C100A8E788 /* wax_instance.m in Sources */,
				E8D07008186043C100A8E788 /* lmem.c in Sources */,
				E8080E2617BF8E99006B68EB /* SHObject.m in Sources */,
				E8D07021186043C100A8E788 /* lvm.c in Sources */,
				E8D07031186043C100A8E788 /* wax_server.m in Sources */,
				E8D07003186043C100A8E788 /* liolib.c in Sources */,
				E8080E2917BF8EAD006B68EB /* SHTask.m in Sources */,
				E8D07029186043C100A8E788 /* wax_class.m in Sources */,
				E81E443718179A1000EA9090 /* NSString+MD5.m in Sources */,
				E8080E2C17BF907E006B68EB /* SHPostTask.m in Sources */,
				9E33DB1818584F55008C61AC /* SHLogger.m in Sources */,
				E8D06FEC186043C100A8E788 /* wax_sqlite.m in Sources */,
				E8D07010186043C100A8E788 /* lparser.c in Sources */,
				E8D0700D186043C100A8E788 /* lopcodes.c in Sources */,
				E8D07025186043C100A8E788 /* print.c in Sources */,
				E8D0702B186043C100A8E788 /* wax_gc.m in Sources */,
				E8D06FFB186043C100A8E788 /* ldo.c in Sources */,
				E8D06FFD186043C100A8E788 /* ldump.c in Sources */,
				E86840291823810B00938464 /* IPAddress.m in Sources */,
				E8D06FF8186043C100A8E788 /* ldblib.c in Sources */,
				E8B8414117D70676006A0291 /* NVSkin.m in Sources */,
				E8D06FCD186043C100A8E788 /* wax_CGTransform.m in Sources */,
				E8D4E6D31857495B00CBB35A /* Reachability.m in Sources */,
				E8B41BB0180CE7A500069506 /* SHAnalyzeFactory.m in Sources */,
				E8D0701F186043C100A8E788 /* lundump.c in Sources */,
				E8D07000186043C100A8E788 /* lgc.c in Sources */,
				E87F0A0A17E16757009E57E8 /* SHPostTaskM.m in Sources */,
				E8D0700F186043C100A8E788 /* loslib.c in Sources */,
				E8D07002186043C100A8E788 /* linit.c in Sources */,
				E887F79A17F422A000871292 /* Base64.m in Sources */,
				E887F79417F2AD8500871292 /* FileManager.m in Sources */,
				E8D06FD3186043C100A8E788 /* wax_http.m in Sources */,
				E8D06FF0186043C100A8E788 /* wax_xml.m in Sources */,
				9E2EDD2D18580B1800F8F591 /* SHVersion.m in Sources */,
				E87F0A1017E1FEF4009E57E8 /* Entironment.m in Sources */,
				E87F0A1A17E2A3DC009E57E8 /* Respinfo.m in Sources */,
				E8D06FE6186043C100A8E788 /* yajl_lex.c in Sources */,
				E81E443518179A1000EA9090 /* NSData+AES.m in Sources */,
				E8D07016186043C100A8E788 /* lstrlib.c in Sources */,
				E8D0702D186043C100A8E788 /* wax_helpers.m in Sources */,
				E81A41B11808F62200D9B399 /* GDataXMLNode.m in Sources */,
				E8D06FEE186043C100A8E788 /* wax_sqlite_operation.m in Sources */,
				E8D06FDB186043C100A8E788 /* yajl.c in Sources */,
				E8D06FF1186043C100A8E788 /* lapi.c in Sources */,
				9E2EDD2A18580B0C00F8F591 /* SHPrivateAPI.m in Sources */,
				9E2EDD2E18580B2800F8F591 /* SHFuck.m in Sources */,
				E8D07014186043C100A8E788 /* lstring.c in Sources */,
				E887F78E17F284EE00871292 /* SHCrashManager.m in Sources */,
				E8D07034186043C100A8E788 /* wax_struct.m in Sources */,
				E8D06FE4186043C100A8E788 /* yajl_gen.c in Sources */,
				E8BDF6471863ED0D00AC9B82 /* SHHttpTaskM.m in Sources */,
				E8D0700B186043C100A8E788 /* lobject.c in Sources */,
				9E2EDD2918580B0A00F8F591 /* SHFlowManager.m in Sources */,
				E8D06FDC186043C100A8E788 /* yajl_alloc.c in Sources */,
				E8D07027186043C100A8E788 /* wax.m in Sources */,
				E86840241823530C00938464 /* SHTools.m in Sources */,
				E8BDF6431863EC9600AC9B82 /* SHHttpTask.m in Sources */,
				E8E03BD517E34A98002546C3 /* DatabaseOperation.m in Sources */,
				E8D06FE9186043C100A8E788 /* yajl_parser.c in Sources */,
				9E2EDD2C18580B1200F8F591 /* SHConfigManager.m in Sources */,
				E8D06FF5186043C100A8E788 /* lbaselib.c in Sources */,
				E8E03BDA17E6B1AB002546C3 /* SHCacheManager.m in Sources */,
				E8D07019186043C100A8E788 /* ltablib.c in Sources */,
				E8D06FDE186043C100A8E788 /* yajl_buf.c in Sources */,
				E8D06FF9186043C100A8E788 /* ldebug.c in Sources */,
				E8D06FD5186043C100A8E788 /* wax_http_connection.m in Sources */,
				E8D07012186043C100A8E788 /* lstate.c in Sources */,
				E85F009217EE9A2200F9F02C /* SHIIOSVersion.m in Sources */,
				E8D07023186043C100A8E788 /* lzio.c in Sources */,
				9E2EDD2B18580B0F00F8F591 /* SHUser.m in Sources */,
				E8D06FD1186043C100A8E788 /* wax_filesystem.m in Sources */,
			);
			runOnlyForDeploymentPostprocessing = 0;
		};
/* End PBXSourcesBuildPhase section */

/* Begin PBXVariantGroup section */
		E8080DC617BF84CE006B68EB /* InfoPlist.strings */ = {
			isa = PBXVariantGroup;
			children = (
				E8080DC717BF84CE006B68EB /* en */,
			);
			name = InfoPlist.strings;
			sourceTree = "<group>";
		};
/* End PBXVariantGroup section */

/* Begin XCBuildConfiguration section */
		E8080DCC17BF84CE006B68EB /* Debug */ = {
			isa = XCBuildConfiguration;
			buildSettings = {
				ALWAYS_SEARCH_USER_PATHS = NO;
				ARCHS = "$(ARCHS_STANDARD)";
				CLANG_CXX_LANGUAGE_STANDARD = "gnu++0x";
				CLANG_CXX_LIBRARY = "libc++";
				CLANG_ENABLE_OBJC_ARC = YES;
				CLANG_WARN_CONSTANT_CONVERSION = YES;
				CLANG_WARN_EMPTY_BODY = YES;
				CLANG_WARN_ENUM_CONVERSION = YES;
				CLANG_WARN_INT_CONVERSION = YES;
				CLANG_WARN__DUPLICATE_METHOD_MATCH = YES;
				COPY_PHASE_STRIP = NO;
				GCC_C_LANGUAGE_STANDARD = gnu99;
				GCC_DYNAMIC_NO_PIC = NO;
				GCC_OPTIMIZATION_LEVEL = 0;
				GCC_PREPROCESSOR_DEFINITIONS = (
					"DEBUG=1",
					"$(inherited)",
				);
				GCC_SYMBOLS_PRIVATE_EXTERN = NO;
				GCC_WARN_ABOUT_RETURN_TYPE = YES;
				GCC_WARN_UNINITIALIZED_AUTOS = YES;
				GCC_WARN_UNUSED_VARIABLE = YES;
				IPHONEOS_DEPLOYMENT_TARGET = 6.1;
				ONLY_ACTIVE_ARCH = YES;
				SDKROOT = iphoneos;
			};
			name = Debug;
		};
		E8080DCD17BF84CE006B68EB /* Release */ = {
			isa = XCBuildConfiguration;
			buildSettings = {
				ALWAYS_SEARCH_USER_PATHS = NO;
				ARCHS = "$(ARCHS_STANDARD)";
				CLANG_CXX_LANGUAGE_STANDARD = "gnu++0x";
				CLANG_CXX_LIBRARY = "libc++";
				CLANG_ENABLE_OBJC_ARC = YES;
				CLANG_WARN_CONSTANT_CONVERSION = YES;
				CLANG_WARN_EMPTY_BODY = YES;
				CLANG_WARN_ENUM_CONVERSION = YES;
				CLANG_WARN_INT_CONVERSION = YES;
				CLANG_WARN__DUPLICATE_METHOD_MATCH = YES;
				COPY_PHASE_STRIP = YES;
				GCC_C_LANGUAGE_STANDARD = gnu99;
				GCC_WARN_ABOUT_RETURN_TYPE = YES;
				GCC_WARN_UNINITIALIZED_AUTOS = YES;
				GCC_WARN_UNUSED_VARIABLE = YES;
				IPHONEOS_DEPLOYMENT_TARGET = 6.1;
				SDKROOT = iphoneos;
				VALIDATE_PRODUCT = YES;
			};
			name = Release;
		};
		E8080DCF17BF84CE006B68EB /* Debug */ = {
			isa = XCBuildConfiguration;
			buildSettings = {
				ARCHS = "$(ARCHS_STANDARD_INCLUDING_64_BIT)";
				DSTROOT = /tmp/Core.dst;
				GCC_PRECOMPILE_PREFIX_HEADER = YES;
				GCC_PREFIX_HEADER = "Core/Core-Prefix.pch";
				HEADER_SEARCH_PATHS = /usr/include/libxml2;
				LIBRARY_SEARCH_PATHS = (
					"$(inherited)",
					"/Users/zywang/Documents/Build/Products/Debug-iphonesimulator",
				);
				LINK_WITH_STANDARD_LIBRARIES = YES;
				MACH_O_TYPE = staticlib;
				PRODUCT_NAME = "$(TARGET_NAME)";
				SDKROOT = iphoneos7.0;
				SKIP_INSTALL = YES;
				WRAPPER_EXTENSION = Core;
			};
			name = Debug;
		};
		E8080DD017BF84CE006B68EB /* Release */ = {
			isa = XCBuildConfiguration;
			buildSettings = {
				ARCHS = "$(ARCHS_STANDARD_INCLUDING_64_BIT)";
				DSTROOT = /tmp/Core.dst;
				GCC_PRECOMPILE_PREFIX_HEADER = YES;
				GCC_PREFIX_HEADER = "Core/Core-Prefix.pch";
				HEADER_SEARCH_PATHS = /usr/include/libxml2;
				LIBRARY_SEARCH_PATHS = (
					"$(inherited)",
					"/Users/zywang/Documents/Build/Products/Debug-iphonesimulator",
				);
				LINK_WITH_STANDARD_LIBRARIES = YES;
				MACH_O_TYPE = staticlib;
				ONLY_ACTIVE_ARCH = NO;
				PRODUCT_NAME = "$(TARGET_NAME)";
				SDKROOT = iphoneos7.0;
				SKIP_INSTALL = YES;
				WRAPPER_EXTENSION = Core;
			};
			name = Release;
		};
/* End XCBuildConfiguration section */

/* Begin XCConfigurationList section */
		E8080DA417BF84CE006B68EB /* Build configuration list for PBXProject "Core" */ = {
			isa = XCConfigurationList;
			buildConfigurations = (
				E8080DCC17BF84CE006B68EB /* Debug */,
				E8080DCD17BF84CE006B68EB /* Release */,
			);
			defaultConfigurationIsVisible = 0;
			defaultConfigurationName = Release;
		};
		E8080DCE17BF84CE006B68EB /* Build configuration list for PBXNativeTarget "Core" */ = {
			isa = XCConfigurationList;
			buildConfigurations = (
				E8080DCF17BF84CE006B68EB /* Debug */,
				E8080DD017BF84CE006B68EB /* Release */,
			);
			defaultConfigurationIsVisible = 0;
			defaultConfigurationName = Release;
		};
/* End XCConfigurationList section */
	};
	rootObject = E8080DA117BF84CE006B68EB /* Project object */;
}
